
Microsoft Visual Studio Solution File, Format Version 12.00
# Visual Studio Version 17
VisualStudioVersion = 17.5.33424.131
MinimumVisualStudioVersion = 10.0.40219.1
Project("{9A19103F-16F7-4668-BE54-9A1E7A4F7556}") = "CommonNetFuncs.Compression", "CommonNetFuncs.Compression\CommonNetFuncs.Compression.csproj", "{12F352BC-1523-482B-BDDC-52DEE98EF839}"
EndProject
Project("{9A19103F-16F7-4668-BE54-9A1E7A4F7556}") = "CommonNetFuncs.Core", "CommonNetFuncs.Core\CommonNetFuncs.Core.csproj", "{9DDEABA9-62D8-4423-917E-7FD8B4841935}"
EndProject
Project("{9A19103F-16F7-4668-BE54-9A1E7A4F7556}") = "CommonNetFuncs.EFCore", "CommonNetFuncs.EFCore\CommonNetFuncs.EFCore.csproj", "{E178E5E4-7DB3-4EEF-BE0E-64C0DA1D2DFD}"
EndProject
Project("{9A19103F-16F7-4668-BE54-9A1E7A4F7556}") = "CommonNetFuncs.Email", "CommonNetFuncs.Email\CommonNetFuncs.Email.csproj", "{527000DD-3788-4258-8FBF-33B0E496ABDE}"
EndProject
Project("{9A19103F-16F7-4668-BE54-9A1E7A4F7556}") = "CommonNetFuncs.Excel.Npoi", "CommonNetFuncs.Excel.Npoi\CommonNetFuncs.Excel.Npoi.csproj", "{2A972AC3-0C85-4894-8A4D-D6BC82843D5E}"
EndProject
Project("{9A19103F-16F7-4668-BE54-9A1E7A4F7556}") = "CommonNetFuncs.FastMap", "CommonNetFuncs.FastMap\CommonNetFuncs.FastMap.csproj", "{6A95C262-8E4D-48A1-89FF-08B59775084E}"
EndProject
Project("{9A19103F-16F7-4668-BE54-9A1E7A4F7556}") = "CommonNetFuncs.Excel.ClosedXml", "CommonNetFuncs.Excel.ClosedXml\CommonNetFuncs.Excel.ClosedXml.csproj", "{21A512F2-71CE-4255-B78B-D331A44254F0}"
EndProject
Project("{2150E333-8FDC-42A3-9474-1A3956D46DE8}") = "Solution Items", "Solution Items", "{23A01FE6-098B-49C8-BF77-B79FBB8B4009}"
	ProjectSection(SolutionItems) = preProject
		.editorconfig = .editorconfig
	EndProjectSection
EndProject
Project("{9A19103F-16F7-4668-BE54-9A1E7A4F7556}") = "CommonNetFuncs.Csv", "CommonNetFuncs.Csv\CommonNetFuncs.Csv.csproj", "{FB72DE61-CAA9-46F5-B965-373D37EFB361}"
EndProject
Project("{9A19103F-16F7-4668-BE54-9A1E7A4F7556}") = "CommonNetFuncs.Images", "CommonNetFuncs.Images\CommonNetFuncs.Images.csproj", "{57E80955-AECB-4752-8448-51F88EBA25B0}"
EndProject
Project("{9A19103F-16F7-4668-BE54-9A1E7A4F7556}") = "CommonNetFuncs.DeepClone", "CommonNetFuncs.DeepClone\CommonNetFuncs.DeepClone.csproj", "{CB9F69DF-C2E3-446B-B104-4A0C31FB185D}"
EndProject
Project("{9A19103F-16F7-4668-BE54-9A1E7A4F7556}") = "CommonNetFuncs.Sql.SqlServer", "CommonNetFuncs.Sql.SqlServer\CommonNetFuncs.Sql.SqlServer.csproj", "{839136A5-E323-4185-BC43-05AE7BEDE456}"
EndProject
Project("{9A19103F-16F7-4668-BE54-9A1E7A4F7556}") = "CommonNetFuncs.Sql.Common", "CommonNetFuncs.Sql.Common\CommonNetFuncs.Sql.Common.csproj", "{9E6CD735-BA06-44BC-85AB-DA5F78ABF94C}"
EndProject
Project("{9A19103F-16F7-4668-BE54-9A1E7A4F7556}") = "CommonNetFuncs.Sql.Odbc", "CommonNetFuncs.Sql.Odbc\CommonNetFuncs.Sql.Odbc.csproj", "{EFB7222A-D162-4387-861F-2991DD1E1CDC}"
EndProject
Project("{9A19103F-16F7-4668-BE54-9A1E7A4F7556}") = "CommonNetFuncs.Sql.PostgreSql", "CommonNetFuncs.Sql.PostgreSql\CommonNetFuncs.Sql.PostgreSql.csproj", "{E582FCEC-D66F-4FBA-A4D7-74E2EFB5908E}"
EndProject
Project("{9A19103F-16F7-4668-BE54-9A1E7A4F7556}") = "CommonNetFuncs.Web.Middleware", "CommonNetFuncs.Web.Middleware\CommonNetFuncs.Web.Middleware.csproj", "{CEAF70BE-A5A8-4796-B3B8-7B0EEDE82322}"
EndProject
Project("{9A19103F-16F7-4668-BE54-9A1E7A4F7556}") = "CommonNetFuncs.Web.Jwt", "CommonNetFuncs.Web.Jwt\CommonNetFuncs.Web.Jwt.csproj", "{9D57807C-AA8E-48BB-A51C-F85A51A4502F}"
EndProject
Project("{9A19103F-16F7-4668-BE54-9A1E7A4F7556}") = "CommonNetFuncs.Web.Aws.S3", "CommonNetFuncs.Web.Aws.S3\CommonNetFuncs.Web.Aws.S3.csproj", "{A6DCEA08-D4CA-4080-AC79-F73C1729107D}"
EndProject
Project("{9A19103F-16F7-4668-BE54-9A1E7A4F7556}") = "CommonNetFuncs.Web.Requests", "CommonNetFuncs.Web.Requests\CommonNetFuncs.Web.Requests.csproj", "{3B1CE560-6197-4ED6-A31B-FE9867663F7B}"
EndProject
Project("{9A19103F-16F7-4668-BE54-9A1E7A4F7556}") = "CommonNetFuncs.Web.Common", "CommonNetFuncs.Web.Common\CommonNetFuncs.Web.Common.csproj", "{D3F7CB9D-EEB5-46A5-808A-2473A1D5F4E4}"
EndProject
Project("{9A19103F-16F7-4668-BE54-9A1E7A4F7556}") = "CommonNetFuncs.Web.Api", "CommonNetFuncs.Web.Api\CommonNetFuncs.Web.Api.csproj", "{B211C992-01D5-4AB3-972D-CEA7C06FCF13}"
EndProject
Project("{9A19103F-16F7-4668-BE54-9A1E7A4F7556}") = "CommonNetFuncs.Web.Interface", "CommonNetFuncs.Web.Interface\CommonNetFuncs.Web.Interface.csproj", "{1F24BBA7-900D-48F6-A4CC-E783A53B005E}"
EndProject
Project("{9A19103F-16F7-4668-BE54-9A1E7A4F7556}") = "CommonNetFuncs.Word.OpenXml", "CommonNetFuncs.Word.OpenXml\CommonNetFuncs.Word.OpenXml.csproj", "{4FDBADB8-0B23-43E3-8AAD-95A05CA2E3DF}"
EndProject
Project("{9A19103F-16F7-4668-BE54-9A1E7A4F7556}") = "CommonNetFuncs.Excel.Common", "CommonNetFuncs.Excel.Common\CommonNetFuncs.Excel.Common.csproj", "{0D20D6D9-F615-4FC9-8914-42D296F6F8B7}"
EndProject
Project("{9A19103F-16F7-4668-BE54-9A1E7A4F7556}") = "CommonNetFuncs.Excel.OpenXml", "CommonNetFuncs.Excel.OpenXml\CommonNetFuncs.Excel.OpenXml.csproj", "{C1B625F6-820B-4AA9-B9ED-464D10C33F00}"
EndProject
Project("{9A19103F-16F7-4668-BE54-9A1E7A4F7556}") = "CommonNetFuncs.Office.Common", "CommonNetFuncs.Office.Common\CommonNetFuncs.Office.Common.csproj", "{5860D1AA-E63E-4F6E-8A40-DE89A5A93BDE}"
EndProject
Project("{9A19103F-16F7-4668-BE54-9A1E7A4F7556}") = "CommonNetFuncs.SubsetModelBinder", "CommonNetFuncs.SubsetModelBinder\CommonNetFuncs.SubsetModelBinder.csproj", "{C75DA14C-C711-4277-86F0-30B8914C9168}"
EndProject
Project("{9A19103F-16F7-4668-BE54-9A1E7A4F7556}") = "CommonNetFuncs.SubsetModelBinder.Attribute", "CommonNetFuncs.SubsetModelBinder.Attribute\CommonNetFuncs.SubsetModelBinder.Attribute.csproj", "{2EB7FDB5-6241-4E90-A2CC-4C5785257DE1}"
EndProject
Project("{9A19103F-16F7-4668-BE54-9A1E7A4F7556}") = "CommonNetFuncs.SubsetModelBinder.Generator", "CommonNetFuncs.SubsetModelBinder.Generator\CommonNetFuncs.SubsetModelBinder.Generator.csproj", "{76154AF0-D11C-400F-86B0-166528BFEABB}"
EndProject
Project("{FAE04EC0-301F-11D3-BF4B-00C04F79EFBC}") = "CommonNetFuncs.Media.Ffmpeg", "CommonNetFuncs.Media.Ffmpeg\CommonNetFuncs.Media.Ffmpeg.csproj", "{03840A4B-3972-44A8-AFBA-E3578C04FE20}"
EndProject
Project("{FAE04EC0-301F-11D3-BF4B-00C04F79EFBC}") = "CommonNetFuncs.Web.Ftp", "CommonNetFuncs.Web.Ftp\CommonNetFuncs.Web.Ftp.csproj", "{DB72CA5A-0288-400E-84CB-EFFA1A63F1D1}"
EndProject
Project("{FAE04EC0-301F-11D3-BF4B-00C04F79EFBC}") = "Compression.Tests", "Compression.Tests\Compression.Tests.csproj", "{41695F06-420A-4648-B408-BB0DAD0A5E04}"
EndProject
Project("{2150E333-8FDC-42A3-9474-1A3956D46DE8}") = "Tests", "Tests", "{02EA681E-C7D8-13C7-8484-4AC65E1B71E8}"
EndProject
Project("{FAE04EC0-301F-11D3-BF4B-00C04F79EFBC}") = "Core.Tests", "Core.Tests\Core.Tests.csproj", "{FBEA021C-E0C4-4AFF-AF72-218A37D0EADD}"
EndProject
Project("{FAE04EC0-301F-11D3-BF4B-00C04F79EFBC}") = "Csv.Tests", "Csv.Tests\Csv.Tests.csproj", "{5BD20A5D-5691-44DD-AF9F-1FB76E2A3C43}"
EndProject
Project("{FAE04EC0-301F-11D3-BF4B-00C04F79EFBC}") = "EFCore.Tests", "EFCore.Tests\EFCore.Tests.csproj", "{3FF568BF-94C9-4ADB-BD67-01CDA8B7B687}"
EndProject
Project("{FAE04EC0-301F-11D3-BF4B-00C04F79EFBC}") = "FastMap.Tests", "FastMap.Tests\FastMap.Tests.csproj", "{F6D6BDA1-4375-4AC2-AF94-213F30A61778}"
EndProject
Project("{FAE04EC0-301F-11D3-BF4B-00C04F79EFBC}") = "DeepClone.Tests", "DeepClone.Tests\DeepClone.Tests.csproj", "{3839F745-9249-4F8D-BC1A-7F1B9D67E085}"
EndProject
Project("{FAE04EC0-301F-11D3-BF4B-00C04F79EFBC}") = "Email.Tests", "Email.Tests\Email.Tests.csproj", "{91625218-04B2-4AC8-BF68-6F00D0ADAE1A}"
EndProject
Project("{FAE04EC0-301F-11D3-BF4B-00C04F79EFBC}") = "Excel.ClosedXml.Tests", "Excel.ClosedXml.Tests\Excel.ClosedXml.Tests.csproj", "{C7E286C0-6B86-4F20-82E6-FAE9EED2E6BD}"
EndProject
Project("{FAE04EC0-301F-11D3-BF4B-00C04F79EFBC}") = "Excel.Npoi.Tests", "Excel.Npoi.Tests\Excel.Npoi.Tests.csproj", "{566289FB-1C9B-40F7-93F4-EA77C9F8753B}"
EndProject
Project("{FAE04EC0-301F-11D3-BF4B-00C04F79EFBC}") = "Excel.OpenXml.Tests", "OpenXml.Tests\Excel.OpenXml.Tests.csproj", "{0836353C-0685-48F4-AE3A-6C40CE1D09BB}"
EndProject
Global
	GlobalSection(SolutionConfigurationPlatforms) = preSolution
		Debug|Any CPU = Debug|Any CPU
		Debug|x64 = Debug|x64
		Debug|x86 = Debug|x86
		Release|Any CPU = Release|Any CPU
		Release|x64 = Release|x64
		Release|x86 = Release|x86
	EndGlobalSection
	GlobalSection(ProjectConfigurationPlatforms) = postSolution
		{12F352BC-1523-482B-BDDC-52DEE98EF839}.Debug|Any CPU.ActiveCfg = Debug|Any CPU
		{12F352BC-1523-482B-BDDC-52DEE98EF839}.Debug|Any CPU.Build.0 = Debug|Any CPU
		{12F352BC-1523-482B-BDDC-52DEE98EF839}.Debug|x64.ActiveCfg = Debug|Any CPU
		{12F352BC-1523-482B-BDDC-52DEE98EF839}.Debug|x64.Build.0 = Debug|Any CPU
		{12F352BC-1523-482B-BDDC-52DEE98EF839}.Debug|x86.ActiveCfg = Debug|Any CPU
		{12F352BC-1523-482B-BDDC-52DEE98EF839}.Debug|x86.Build.0 = Debug|Any CPU
		{12F352BC-1523-482B-BDDC-52DEE98EF839}.Release|Any CPU.ActiveCfg = Release|Any CPU
		{12F352BC-1523-482B-BDDC-52DEE98EF839}.Release|Any CPU.Build.0 = Release|Any CPU
		{12F352BC-1523-482B-BDDC-52DEE98EF839}.Release|x64.ActiveCfg = Release|Any CPU
		{12F352BC-1523-482B-BDDC-52DEE98EF839}.Release|x64.Build.0 = Release|Any CPU
		{12F352BC-1523-482B-BDDC-52DEE98EF839}.Release|x86.ActiveCfg = Release|Any CPU
		{12F352BC-1523-482B-BDDC-52DEE98EF839}.Release|x86.Build.0 = Release|Any CPU
		{9DDEABA9-62D8-4423-917E-7FD8B4841935}.Debug|Any CPU.ActiveCfg = Debug|Any CPU
		{9DDEABA9-62D8-4423-917E-7FD8B4841935}.Debug|Any CPU.Build.0 = Debug|Any CPU
		{9DDEABA9-62D8-4423-917E-7FD8B4841935}.Debug|x64.ActiveCfg = Debug|Any CPU
		{9DDEABA9-62D8-4423-917E-7FD8B4841935}.Debug|x64.Build.0 = Debug|Any CPU
		{9DDEABA9-62D8-4423-917E-7FD8B4841935}.Debug|x86.ActiveCfg = Debug|Any CPU
		{9DDEABA9-62D8-4423-917E-7FD8B4841935}.Debug|x86.Build.0 = Debug|Any CPU
		{9DDEABA9-62D8-4423-917E-7FD8B4841935}.Release|Any CPU.ActiveCfg = Release|Any CPU
		{9DDEABA9-62D8-4423-917E-7FD8B4841935}.Release|Any CPU.Build.0 = Release|Any CPU
		{9DDEABA9-62D8-4423-917E-7FD8B4841935}.Release|x64.ActiveCfg = Release|Any CPU
		{9DDEABA9-62D8-4423-917E-7FD8B4841935}.Release|x64.Build.0 = Release|Any CPU
		{9DDEABA9-62D8-4423-917E-7FD8B4841935}.Release|x86.ActiveCfg = Release|Any CPU
		{9DDEABA9-62D8-4423-917E-7FD8B4841935}.Release|x86.Build.0 = Release|Any CPU
		{E178E5E4-7DB3-4EEF-BE0E-64C0DA1D2DFD}.Debug|Any CPU.ActiveCfg = Debug|Any CPU
		{E178E5E4-7DB3-4EEF-BE0E-64C0DA1D2DFD}.Debug|Any CPU.Build.0 = Debug|Any CPU
		{E178E5E4-7DB3-4EEF-BE0E-64C0DA1D2DFD}.Debug|x64.ActiveCfg = Debug|Any CPU
		{E178E5E4-7DB3-4EEF-BE0E-64C0DA1D2DFD}.Debug|x64.Build.0 = Debug|Any CPU
		{E178E5E4-7DB3-4EEF-BE0E-64C0DA1D2DFD}.Debug|x86.ActiveCfg = Debug|Any CPU
		{E178E5E4-7DB3-4EEF-BE0E-64C0DA1D2DFD}.Debug|x86.Build.0 = Debug|Any CPU
		{E178E5E4-7DB3-4EEF-BE0E-64C0DA1D2DFD}.Release|Any CPU.ActiveCfg = Release|Any CPU
		{E178E5E4-7DB3-4EEF-BE0E-64C0DA1D2DFD}.Release|Any CPU.Build.0 = Release|Any CPU
		{E178E5E4-7DB3-4EEF-BE0E-64C0DA1D2DFD}.Release|x64.ActiveCfg = Release|Any CPU
		{E178E5E4-7DB3-4EEF-BE0E-64C0DA1D2DFD}.Release|x64.Build.0 = Release|Any CPU
		{E178E5E4-7DB3-4EEF-BE0E-64C0DA1D2DFD}.Release|x86.ActiveCfg = Release|Any CPU
		{E178E5E4-7DB3-4EEF-BE0E-64C0DA1D2DFD}.Release|x86.Build.0 = Release|Any CPU
		{527000DD-3788-4258-8FBF-33B0E496ABDE}.Debug|Any CPU.ActiveCfg = Debug|Any CPU
		{527000DD-3788-4258-8FBF-33B0E496ABDE}.Debug|Any CPU.Build.0 = Debug|Any CPU
		{527000DD-3788-4258-8FBF-33B0E496ABDE}.Debug|x64.ActiveCfg = Debug|Any CPU
		{527000DD-3788-4258-8FBF-33B0E496ABDE}.Debug|x64.Build.0 = Debug|Any CPU
		{527000DD-3788-4258-8FBF-33B0E496ABDE}.Debug|x86.ActiveCfg = Debug|Any CPU
		{527000DD-3788-4258-8FBF-33B0E496ABDE}.Debug|x86.Build.0 = Debug|Any CPU
		{527000DD-3788-4258-8FBF-33B0E496ABDE}.Release|Any CPU.ActiveCfg = Release|Any CPU
		{527000DD-3788-4258-8FBF-33B0E496ABDE}.Release|Any CPU.Build.0 = Release|Any CPU
		{527000DD-3788-4258-8FBF-33B0E496ABDE}.Release|x64.ActiveCfg = Release|Any CPU
		{527000DD-3788-4258-8FBF-33B0E496ABDE}.Release|x64.Build.0 = Release|Any CPU
		{527000DD-3788-4258-8FBF-33B0E496ABDE}.Release|x86.ActiveCfg = Release|Any CPU
		{527000DD-3788-4258-8FBF-33B0E496ABDE}.Release|x86.Build.0 = Release|Any CPU
		{2A972AC3-0C85-4894-8A4D-D6BC82843D5E}.Debug|Any CPU.ActiveCfg = Debug|Any CPU
		{2A972AC3-0C85-4894-8A4D-D6BC82843D5E}.Debug|Any CPU.Build.0 = Debug|Any CPU
		{2A972AC3-0C85-4894-8A4D-D6BC82843D5E}.Debug|x64.ActiveCfg = Debug|Any CPU
		{2A972AC3-0C85-4894-8A4D-D6BC82843D5E}.Debug|x64.Build.0 = Debug|Any CPU
		{2A972AC3-0C85-4894-8A4D-D6BC82843D5E}.Debug|x86.ActiveCfg = Debug|Any CPU
		{2A972AC3-0C85-4894-8A4D-D6BC82843D5E}.Debug|x86.Build.0 = Debug|Any CPU
		{2A972AC3-0C85-4894-8A4D-D6BC82843D5E}.Release|Any CPU.ActiveCfg = Release|Any CPU
		{2A972AC3-0C85-4894-8A4D-D6BC82843D5E}.Release|Any CPU.Build.0 = Release|Any CPU
		{2A972AC3-0C85-4894-8A4D-D6BC82843D5E}.Release|x64.ActiveCfg = Release|Any CPU
		{2A972AC3-0C85-4894-8A4D-D6BC82843D5E}.Release|x64.Build.0 = Release|Any CPU
		{2A972AC3-0C85-4894-8A4D-D6BC82843D5E}.Release|x86.ActiveCfg = Release|Any CPU
		{2A972AC3-0C85-4894-8A4D-D6BC82843D5E}.Release|x86.Build.0 = Release|Any CPU
		{6A95C262-8E4D-48A1-89FF-08B59775084E}.Debug|Any CPU.ActiveCfg = Debug|Any CPU
		{6A95C262-8E4D-48A1-89FF-08B59775084E}.Debug|Any CPU.Build.0 = Debug|Any CPU
		{6A95C262-8E4D-48A1-89FF-08B59775084E}.Debug|x64.ActiveCfg = Debug|Any CPU
		{6A95C262-8E4D-48A1-89FF-08B59775084E}.Debug|x64.Build.0 = Debug|Any CPU
		{6A95C262-8E4D-48A1-89FF-08B59775084E}.Debug|x86.ActiveCfg = Debug|Any CPU
		{6A95C262-8E4D-48A1-89FF-08B59775084E}.Debug|x86.Build.0 = Debug|Any CPU
		{6A95C262-8E4D-48A1-89FF-08B59775084E}.Release|Any CPU.ActiveCfg = Release|Any CPU
		{6A95C262-8E4D-48A1-89FF-08B59775084E}.Release|Any CPU.Build.0 = Release|Any CPU
		{6A95C262-8E4D-48A1-89FF-08B59775084E}.Release|x64.ActiveCfg = Release|Any CPU
		{6A95C262-8E4D-48A1-89FF-08B59775084E}.Release|x64.Build.0 = Release|Any CPU
		{6A95C262-8E4D-48A1-89FF-08B59775084E}.Release|x86.ActiveCfg = Release|Any CPU
		{6A95C262-8E4D-48A1-89FF-08B59775084E}.Release|x86.Build.0 = Release|Any CPU
		{21A512F2-71CE-4255-B78B-D331A44254F0}.Debug|Any CPU.ActiveCfg = Debug|Any CPU
		{21A512F2-71CE-4255-B78B-D331A44254F0}.Debug|Any CPU.Build.0 = Debug|Any CPU
		{21A512F2-71CE-4255-B78B-D331A44254F0}.Debug|x64.ActiveCfg = Debug|Any CPU
		{21A512F2-71CE-4255-B78B-D331A44254F0}.Debug|x64.Build.0 = Debug|Any CPU
		{21A512F2-71CE-4255-B78B-D331A44254F0}.Debug|x86.ActiveCfg = Debug|Any CPU
		{21A512F2-71CE-4255-B78B-D331A44254F0}.Debug|x86.Build.0 = Debug|Any CPU
		{21A512F2-71CE-4255-B78B-D331A44254F0}.Release|Any CPU.ActiveCfg = Release|Any CPU
		{21A512F2-71CE-4255-B78B-D331A44254F0}.Release|Any CPU.Build.0 = Release|Any CPU
		{21A512F2-71CE-4255-B78B-D331A44254F0}.Release|x64.ActiveCfg = Release|Any CPU
		{21A512F2-71CE-4255-B78B-D331A44254F0}.Release|x64.Build.0 = Release|Any CPU
		{21A512F2-71CE-4255-B78B-D331A44254F0}.Release|x86.ActiveCfg = Release|Any CPU
		{21A512F2-71CE-4255-B78B-D331A44254F0}.Release|x86.Build.0 = Release|Any CPU
		{FB72DE61-CAA9-46F5-B965-373D37EFB361}.Debug|Any CPU.ActiveCfg = Debug|Any CPU
		{FB72DE61-CAA9-46F5-B965-373D37EFB361}.Debug|Any CPU.Build.0 = Debug|Any CPU
		{FB72DE61-CAA9-46F5-B965-373D37EFB361}.Debug|x64.ActiveCfg = Debug|Any CPU
		{FB72DE61-CAA9-46F5-B965-373D37EFB361}.Debug|x64.Build.0 = Debug|Any CPU
		{FB72DE61-CAA9-46F5-B965-373D37EFB361}.Debug|x86.ActiveCfg = Debug|Any CPU
		{FB72DE61-CAA9-46F5-B965-373D37EFB361}.Debug|x86.Build.0 = Debug|Any CPU
		{FB72DE61-CAA9-46F5-B965-373D37EFB361}.Release|Any CPU.ActiveCfg = Release|Any CPU
		{FB72DE61-CAA9-46F5-B965-373D37EFB361}.Release|Any CPU.Build.0 = Release|Any CPU
		{FB72DE61-CAA9-46F5-B965-373D37EFB361}.Release|x64.ActiveCfg = Release|Any CPU
		{FB72DE61-CAA9-46F5-B965-373D37EFB361}.Release|x64.Build.0 = Release|Any CPU
		{FB72DE61-CAA9-46F5-B965-373D37EFB361}.Release|x86.ActiveCfg = Release|Any CPU
		{FB72DE61-CAA9-46F5-B965-373D37EFB361}.Release|x86.Build.0 = Release|Any CPU
		{57E80955-AECB-4752-8448-51F88EBA25B0}.Debug|Any CPU.ActiveCfg = Debug|Any CPU
		{57E80955-AECB-4752-8448-51F88EBA25B0}.Debug|Any CPU.Build.0 = Debug|Any CPU
		{57E80955-AECB-4752-8448-51F88EBA25B0}.Debug|x64.ActiveCfg = Debug|Any CPU
		{57E80955-AECB-4752-8448-51F88EBA25B0}.Debug|x64.Build.0 = Debug|Any CPU
		{57E80955-AECB-4752-8448-51F88EBA25B0}.Debug|x86.ActiveCfg = Debug|Any CPU
		{57E80955-AECB-4752-8448-51F88EBA25B0}.Debug|x86.Build.0 = Debug|Any CPU
		{57E80955-AECB-4752-8448-51F88EBA25B0}.Release|Any CPU.ActiveCfg = Release|Any CPU
		{57E80955-AECB-4752-8448-51F88EBA25B0}.Release|Any CPU.Build.0 = Release|Any CPU
		{57E80955-AECB-4752-8448-51F88EBA25B0}.Release|x64.ActiveCfg = Release|Any CPU
		{57E80955-AECB-4752-8448-51F88EBA25B0}.Release|x64.Build.0 = Release|Any CPU
		{57E80955-AECB-4752-8448-51F88EBA25B0}.Release|x86.ActiveCfg = Release|Any CPU
		{57E80955-AECB-4752-8448-51F88EBA25B0}.Release|x86.Build.0 = Release|Any CPU
		{CB9F69DF-C2E3-446B-B104-4A0C31FB185D}.Debug|Any CPU.ActiveCfg = Debug|Any CPU
		{CB9F69DF-C2E3-446B-B104-4A0C31FB185D}.Debug|Any CPU.Build.0 = Debug|Any CPU
		{CB9F69DF-C2E3-446B-B104-4A0C31FB185D}.Debug|x64.ActiveCfg = Debug|Any CPU
		{CB9F69DF-C2E3-446B-B104-4A0C31FB185D}.Debug|x64.Build.0 = Debug|Any CPU
		{CB9F69DF-C2E3-446B-B104-4A0C31FB185D}.Debug|x86.ActiveCfg = Debug|Any CPU
		{CB9F69DF-C2E3-446B-B104-4A0C31FB185D}.Debug|x86.Build.0 = Debug|Any CPU
		{CB9F69DF-C2E3-446B-B104-4A0C31FB185D}.Release|Any CPU.ActiveCfg = Release|Any CPU
		{CB9F69DF-C2E3-446B-B104-4A0C31FB185D}.Release|Any CPU.Build.0 = Release|Any CPU
		{CB9F69DF-C2E3-446B-B104-4A0C31FB185D}.Release|x64.ActiveCfg = Release|Any CPU
		{CB9F69DF-C2E3-446B-B104-4A0C31FB185D}.Release|x64.Build.0 = Release|Any CPU
		{CB9F69DF-C2E3-446B-B104-4A0C31FB185D}.Release|x86.ActiveCfg = Release|Any CPU
		{CB9F69DF-C2E3-446B-B104-4A0C31FB185D}.Release|x86.Build.0 = Release|Any CPU
		{839136A5-E323-4185-BC43-05AE7BEDE456}.Debug|Any CPU.ActiveCfg = Debug|Any CPU
		{839136A5-E323-4185-BC43-05AE7BEDE456}.Debug|Any CPU.Build.0 = Debug|Any CPU
		{839136A5-E323-4185-BC43-05AE7BEDE456}.Debug|x64.ActiveCfg = Debug|Any CPU
		{839136A5-E323-4185-BC43-05AE7BEDE456}.Debug|x64.Build.0 = Debug|Any CPU
		{839136A5-E323-4185-BC43-05AE7BEDE456}.Debug|x86.ActiveCfg = Debug|Any CPU
		{839136A5-E323-4185-BC43-05AE7BEDE456}.Debug|x86.Build.0 = Debug|Any CPU
		{839136A5-E323-4185-BC43-05AE7BEDE456}.Release|Any CPU.ActiveCfg = Release|Any CPU
		{839136A5-E323-4185-BC43-05AE7BEDE456}.Release|Any CPU.Build.0 = Release|Any CPU
		{839136A5-E323-4185-BC43-05AE7BEDE456}.Release|x64.ActiveCfg = Release|Any CPU
		{839136A5-E323-4185-BC43-05AE7BEDE456}.Release|x64.Build.0 = Release|Any CPU
		{839136A5-E323-4185-BC43-05AE7BEDE456}.Release|x86.ActiveCfg = Release|Any CPU
		{839136A5-E323-4185-BC43-05AE7BEDE456}.Release|x86.Build.0 = Release|Any CPU
		{9E6CD735-BA06-44BC-85AB-DA5F78ABF94C}.Debug|Any CPU.ActiveCfg = Debug|Any CPU
		{9E6CD735-BA06-44BC-85AB-DA5F78ABF94C}.Debug|Any CPU.Build.0 = Debug|Any CPU
		{9E6CD735-BA06-44BC-85AB-DA5F78ABF94C}.Debug|x64.ActiveCfg = Debug|Any CPU
		{9E6CD735-BA06-44BC-85AB-DA5F78ABF94C}.Debug|x64.Build.0 = Debug|Any CPU
		{9E6CD735-BA06-44BC-85AB-DA5F78ABF94C}.Debug|x86.ActiveCfg = Debug|Any CPU
		{9E6CD735-BA06-44BC-85AB-DA5F78ABF94C}.Debug|x86.Build.0 = Debug|Any CPU
		{9E6CD735-BA06-44BC-85AB-DA5F78ABF94C}.Release|Any CPU.ActiveCfg = Release|Any CPU
		{9E6CD735-BA06-44BC-85AB-DA5F78ABF94C}.Release|Any CPU.Build.0 = Release|Any CPU
		{9E6CD735-BA06-44BC-85AB-DA5F78ABF94C}.Release|x64.ActiveCfg = Release|Any CPU
		{9E6CD735-BA06-44BC-85AB-DA5F78ABF94C}.Release|x64.Build.0 = Release|Any CPU
		{9E6CD735-BA06-44BC-85AB-DA5F78ABF94C}.Release|x86.ActiveCfg = Release|Any CPU
		{9E6CD735-BA06-44BC-85AB-DA5F78ABF94C}.Release|x86.Build.0 = Release|Any CPU
		{EFB7222A-D162-4387-861F-2991DD1E1CDC}.Debug|Any CPU.ActiveCfg = Debug|Any CPU
		{EFB7222A-D162-4387-861F-2991DD1E1CDC}.Debug|Any CPU.Build.0 = Debug|Any CPU
		{EFB7222A-D162-4387-861F-2991DD1E1CDC}.Debug|x64.ActiveCfg = Debug|Any CPU
		{EFB7222A-D162-4387-861F-2991DD1E1CDC}.Debug|x64.Build.0 = Debug|Any CPU
		{EFB7222A-D162-4387-861F-2991DD1E1CDC}.Debug|x86.ActiveCfg = Debug|Any CPU
		{EFB7222A-D162-4387-861F-2991DD1E1CDC}.Debug|x86.Build.0 = Debug|Any CPU
		{EFB7222A-D162-4387-861F-2991DD1E1CDC}.Release|Any CPU.ActiveCfg = Release|Any CPU
		{EFB7222A-D162-4387-861F-2991DD1E1CDC}.Release|Any CPU.Build.0 = Release|Any CPU
		{EFB7222A-D162-4387-861F-2991DD1E1CDC}.Release|x64.ActiveCfg = Release|Any CPU
		{EFB7222A-D162-4387-861F-2991DD1E1CDC}.Release|x64.Build.0 = Release|Any CPU
		{EFB7222A-D162-4387-861F-2991DD1E1CDC}.Release|x86.ActiveCfg = Release|Any CPU
		{EFB7222A-D162-4387-861F-2991DD1E1CDC}.Release|x86.Build.0 = Release|Any CPU
		{E582FCEC-D66F-4FBA-A4D7-74E2EFB5908E}.Debug|Any CPU.ActiveCfg = Debug|Any CPU
		{E582FCEC-D66F-4FBA-A4D7-74E2EFB5908E}.Debug|Any CPU.Build.0 = Debug|Any CPU
		{E582FCEC-D66F-4FBA-A4D7-74E2EFB5908E}.Debug|x64.ActiveCfg = Debug|Any CPU
		{E582FCEC-D66F-4FBA-A4D7-74E2EFB5908E}.Debug|x64.Build.0 = Debug|Any CPU
		{E582FCEC-D66F-4FBA-A4D7-74E2EFB5908E}.Debug|x86.ActiveCfg = Debug|Any CPU
		{E582FCEC-D66F-4FBA-A4D7-74E2EFB5908E}.Debug|x86.Build.0 = Debug|Any CPU
		{E582FCEC-D66F-4FBA-A4D7-74E2EFB5908E}.Release|Any CPU.ActiveCfg = Release|Any CPU
		{E582FCEC-D66F-4FBA-A4D7-74E2EFB5908E}.Release|Any CPU.Build.0 = Release|Any CPU
		{E582FCEC-D66F-4FBA-A4D7-74E2EFB5908E}.Release|x64.ActiveCfg = Release|Any CPU
		{E582FCEC-D66F-4FBA-A4D7-74E2EFB5908E}.Release|x64.Build.0 = Release|Any CPU
		{E582FCEC-D66F-4FBA-A4D7-74E2EFB5908E}.Release|x86.ActiveCfg = Release|Any CPU
		{E582FCEC-D66F-4FBA-A4D7-74E2EFB5908E}.Release|x86.Build.0 = Release|Any CPU
		{CEAF70BE-A5A8-4796-B3B8-7B0EEDE82322}.Debug|Any CPU.ActiveCfg = Debug|Any CPU
		{CEAF70BE-A5A8-4796-B3B8-7B0EEDE82322}.Debug|Any CPU.Build.0 = Debug|Any CPU
		{CEAF70BE-A5A8-4796-B3B8-7B0EEDE82322}.Debug|x64.ActiveCfg = Debug|Any CPU
		{CEAF70BE-A5A8-4796-B3B8-7B0EEDE82322}.Debug|x64.Build.0 = Debug|Any CPU
		{CEAF70BE-A5A8-4796-B3B8-7B0EEDE82322}.Debug|x86.ActiveCfg = Debug|Any CPU
		{CEAF70BE-A5A8-4796-B3B8-7B0EEDE82322}.Debug|x86.Build.0 = Debug|Any CPU
		{CEAF70BE-A5A8-4796-B3B8-7B0EEDE82322}.Release|Any CPU.ActiveCfg = Release|Any CPU
		{CEAF70BE-A5A8-4796-B3B8-7B0EEDE82322}.Release|Any CPU.Build.0 = Release|Any CPU
		{CEAF70BE-A5A8-4796-B3B8-7B0EEDE82322}.Release|x64.ActiveCfg = Release|Any CPU
		{CEAF70BE-A5A8-4796-B3B8-7B0EEDE82322}.Release|x64.Build.0 = Release|Any CPU
		{CEAF70BE-A5A8-4796-B3B8-7B0EEDE82322}.Release|x86.ActiveCfg = Release|Any CPU
		{CEAF70BE-A5A8-4796-B3B8-7B0EEDE82322}.Release|x86.Build.0 = Release|Any CPU
		{9D57807C-AA8E-48BB-A51C-F85A51A4502F}.Debug|Any CPU.ActiveCfg = Debug|Any CPU
		{9D57807C-AA8E-48BB-A51C-F85A51A4502F}.Debug|Any CPU.Build.0 = Debug|Any CPU
		{9D57807C-AA8E-48BB-A51C-F85A51A4502F}.Debug|x64.ActiveCfg = Debug|Any CPU
		{9D57807C-AA8E-48BB-A51C-F85A51A4502F}.Debug|x64.Build.0 = Debug|Any CPU
		{9D57807C-AA8E-48BB-A51C-F85A51A4502F}.Debug|x86.ActiveCfg = Debug|Any CPU
		{9D57807C-AA8E-48BB-A51C-F85A51A4502F}.Debug|x86.Build.0 = Debug|Any CPU
		{9D57807C-AA8E-48BB-A51C-F85A51A4502F}.Release|Any CPU.ActiveCfg = Release|Any CPU
		{9D57807C-AA8E-48BB-A51C-F85A51A4502F}.Release|Any CPU.Build.0 = Release|Any CPU
		{9D57807C-AA8E-48BB-A51C-F85A51A4502F}.Release|x64.ActiveCfg = Release|Any CPU
		{9D57807C-AA8E-48BB-A51C-F85A51A4502F}.Release|x64.Build.0 = Release|Any CPU
		{9D57807C-AA8E-48BB-A51C-F85A51A4502F}.Release|x86.ActiveCfg = Release|Any CPU
		{9D57807C-AA8E-48BB-A51C-F85A51A4502F}.Release|x86.Build.0 = Release|Any CPU
		{A6DCEA08-D4CA-4080-AC79-F73C1729107D}.Debug|Any CPU.ActiveCfg = Debug|Any CPU
		{A6DCEA08-D4CA-4080-AC79-F73C1729107D}.Debug|Any CPU.Build.0 = Debug|Any CPU
		{A6DCEA08-D4CA-4080-AC79-F73C1729107D}.Debug|x64.ActiveCfg = Debug|Any CPU
		{A6DCEA08-D4CA-4080-AC79-F73C1729107D}.Debug|x64.Build.0 = Debug|Any CPU
		{A6DCEA08-D4CA-4080-AC79-F73C1729107D}.Debug|x86.ActiveCfg = Debug|Any CPU
		{A6DCEA08-D4CA-4080-AC79-F73C1729107D}.Debug|x86.Build.0 = Debug|Any CPU
		{A6DCEA08-D4CA-4080-AC79-F73C1729107D}.Release|Any CPU.ActiveCfg = Release|Any CPU
		{A6DCEA08-D4CA-4080-AC79-F73C1729107D}.Release|Any CPU.Build.0 = Release|Any CPU
		{A6DCEA08-D4CA-4080-AC79-F73C1729107D}.Release|x64.ActiveCfg = Release|Any CPU
		{A6DCEA08-D4CA-4080-AC79-F73C1729107D}.Release|x64.Build.0 = Release|Any CPU
		{A6DCEA08-D4CA-4080-AC79-F73C1729107D}.Release|x86.ActiveCfg = Release|Any CPU
		{A6DCEA08-D4CA-4080-AC79-F73C1729107D}.Release|x86.Build.0 = Release|Any CPU
		{3B1CE560-6197-4ED6-A31B-FE9867663F7B}.Debug|Any CPU.ActiveCfg = Debug|Any CPU
		{3B1CE560-6197-4ED6-A31B-FE9867663F7B}.Debug|Any CPU.Build.0 = Debug|Any CPU
		{3B1CE560-6197-4ED6-A31B-FE9867663F7B}.Debug|x64.ActiveCfg = Debug|Any CPU
		{3B1CE560-6197-4ED6-A31B-FE9867663F7B}.Debug|x64.Build.0 = Debug|Any CPU
		{3B1CE560-6197-4ED6-A31B-FE9867663F7B}.Debug|x86.ActiveCfg = Debug|Any CPU
		{3B1CE560-6197-4ED6-A31B-FE9867663F7B}.Debug|x86.Build.0 = Debug|Any CPU
		{3B1CE560-6197-4ED6-A31B-FE9867663F7B}.Release|Any CPU.ActiveCfg = Release|Any CPU
		{3B1CE560-6197-4ED6-A31B-FE9867663F7B}.Release|Any CPU.Build.0 = Release|Any CPU
		{3B1CE560-6197-4ED6-A31B-FE9867663F7B}.Release|x64.ActiveCfg = Release|Any CPU
		{3B1CE560-6197-4ED6-A31B-FE9867663F7B}.Release|x64.Build.0 = Release|Any CPU
		{3B1CE560-6197-4ED6-A31B-FE9867663F7B}.Release|x86.ActiveCfg = Release|Any CPU
		{3B1CE560-6197-4ED6-A31B-FE9867663F7B}.Release|x86.Build.0 = Release|Any CPU
		{D3F7CB9D-EEB5-46A5-808A-2473A1D5F4E4}.Debug|Any CPU.ActiveCfg = Debug|Any CPU
		{D3F7CB9D-EEB5-46A5-808A-2473A1D5F4E4}.Debug|Any CPU.Build.0 = Debug|Any CPU
		{D3F7CB9D-EEB5-46A5-808A-2473A1D5F4E4}.Debug|x64.ActiveCfg = Debug|Any CPU
		{D3F7CB9D-EEB5-46A5-808A-2473A1D5F4E4}.Debug|x64.Build.0 = Debug|Any CPU
		{D3F7CB9D-EEB5-46A5-808A-2473A1D5F4E4}.Debug|x86.ActiveCfg = Debug|Any CPU
		{D3F7CB9D-EEB5-46A5-808A-2473A1D5F4E4}.Debug|x86.Build.0 = Debug|Any CPU
		{D3F7CB9D-EEB5-46A5-808A-2473A1D5F4E4}.Release|Any CPU.ActiveCfg = Release|Any CPU
		{D3F7CB9D-EEB5-46A5-808A-2473A1D5F4E4}.Release|Any CPU.Build.0 = Release|Any CPU
		{D3F7CB9D-EEB5-46A5-808A-2473A1D5F4E4}.Release|x64.ActiveCfg = Release|Any CPU
		{D3F7CB9D-EEB5-46A5-808A-2473A1D5F4E4}.Release|x64.Build.0 = Release|Any CPU
		{D3F7CB9D-EEB5-46A5-808A-2473A1D5F4E4}.Release|x86.ActiveCfg = Release|Any CPU
		{D3F7CB9D-EEB5-46A5-808A-2473A1D5F4E4}.Release|x86.Build.0 = Release|Any CPU
		{B211C992-01D5-4AB3-972D-CEA7C06FCF13}.Debug|Any CPU.ActiveCfg = Debug|Any CPU
		{B211C992-01D5-4AB3-972D-CEA7C06FCF13}.Debug|Any CPU.Build.0 = Debug|Any CPU
		{B211C992-01D5-4AB3-972D-CEA7C06FCF13}.Debug|x64.ActiveCfg = Debug|Any CPU
		{B211C992-01D5-4AB3-972D-CEA7C06FCF13}.Debug|x64.Build.0 = Debug|Any CPU
		{B211C992-01D5-4AB3-972D-CEA7C06FCF13}.Debug|x86.ActiveCfg = Debug|Any CPU
		{B211C992-01D5-4AB3-972D-CEA7C06FCF13}.Debug|x86.Build.0 = Debug|Any CPU
		{B211C992-01D5-4AB3-972D-CEA7C06FCF13}.Release|Any CPU.ActiveCfg = Release|Any CPU
		{B211C992-01D5-4AB3-972D-CEA7C06FCF13}.Release|Any CPU.Build.0 = Release|Any CPU
		{B211C992-01D5-4AB3-972D-CEA7C06FCF13}.Release|x64.ActiveCfg = Release|Any CPU
		{B211C992-01D5-4AB3-972D-CEA7C06FCF13}.Release|x64.Build.0 = Release|Any CPU
		{B211C992-01D5-4AB3-972D-CEA7C06FCF13}.Release|x86.ActiveCfg = Release|Any CPU
		{B211C992-01D5-4AB3-972D-CEA7C06FCF13}.Release|x86.Build.0 = Release|Any CPU
		{1F24BBA7-900D-48F6-A4CC-E783A53B005E}.Debug|Any CPU.ActiveCfg = Debug|Any CPU
		{1F24BBA7-900D-48F6-A4CC-E783A53B005E}.Debug|Any CPU.Build.0 = Debug|Any CPU
		{1F24BBA7-900D-48F6-A4CC-E783A53B005E}.Debug|x64.ActiveCfg = Debug|Any CPU
		{1F24BBA7-900D-48F6-A4CC-E783A53B005E}.Debug|x64.Build.0 = Debug|Any CPU
		{1F24BBA7-900D-48F6-A4CC-E783A53B005E}.Debug|x86.ActiveCfg = Debug|Any CPU
		{1F24BBA7-900D-48F6-A4CC-E783A53B005E}.Debug|x86.Build.0 = Debug|Any CPU
		{1F24BBA7-900D-48F6-A4CC-E783A53B005E}.Release|Any CPU.ActiveCfg = Release|Any CPU
		{1F24BBA7-900D-48F6-A4CC-E783A53B005E}.Release|Any CPU.Build.0 = Release|Any CPU
		{1F24BBA7-900D-48F6-A4CC-E783A53B005E}.Release|x64.ActiveCfg = Release|Any CPU
		{1F24BBA7-900D-48F6-A4CC-E783A53B005E}.Release|x64.Build.0 = Release|Any CPU
		{1F24BBA7-900D-48F6-A4CC-E783A53B005E}.Release|x86.ActiveCfg = Release|Any CPU
		{1F24BBA7-900D-48F6-A4CC-E783A53B005E}.Release|x86.Build.0 = Release|Any CPU
		{4FDBADB8-0B23-43E3-8AAD-95A05CA2E3DF}.Debug|Any CPU.ActiveCfg = Debug|Any CPU
		{4FDBADB8-0B23-43E3-8AAD-95A05CA2E3DF}.Debug|Any CPU.Build.0 = Debug|Any CPU
		{4FDBADB8-0B23-43E3-8AAD-95A05CA2E3DF}.Debug|x64.ActiveCfg = Debug|Any CPU
		{4FDBADB8-0B23-43E3-8AAD-95A05CA2E3DF}.Debug|x64.Build.0 = Debug|Any CPU
		{4FDBADB8-0B23-43E3-8AAD-95A05CA2E3DF}.Debug|x86.ActiveCfg = Debug|Any CPU
		{4FDBADB8-0B23-43E3-8AAD-95A05CA2E3DF}.Debug|x86.Build.0 = Debug|Any CPU
		{4FDBADB8-0B23-43E3-8AAD-95A05CA2E3DF}.Release|Any CPU.ActiveCfg = Release|Any CPU
		{4FDBADB8-0B23-43E3-8AAD-95A05CA2E3DF}.Release|Any CPU.Build.0 = Release|Any CPU
		{4FDBADB8-0B23-43E3-8AAD-95A05CA2E3DF}.Release|x64.ActiveCfg = Release|Any CPU
		{4FDBADB8-0B23-43E3-8AAD-95A05CA2E3DF}.Release|x64.Build.0 = Release|Any CPU
		{4FDBADB8-0B23-43E3-8AAD-95A05CA2E3DF}.Release|x86.ActiveCfg = Release|Any CPU
		{4FDBADB8-0B23-43E3-8AAD-95A05CA2E3DF}.Release|x86.Build.0 = Release|Any CPU
		{0D20D6D9-F615-4FC9-8914-42D296F6F8B7}.Debug|Any CPU.ActiveCfg = Debug|Any CPU
		{0D20D6D9-F615-4FC9-8914-42D296F6F8B7}.Debug|Any CPU.Build.0 = Debug|Any CPU
		{0D20D6D9-F615-4FC9-8914-42D296F6F8B7}.Debug|x64.ActiveCfg = Debug|Any CPU
		{0D20D6D9-F615-4FC9-8914-42D296F6F8B7}.Debug|x64.Build.0 = Debug|Any CPU
		{0D20D6D9-F615-4FC9-8914-42D296F6F8B7}.Debug|x86.ActiveCfg = Debug|Any CPU
		{0D20D6D9-F615-4FC9-8914-42D296F6F8B7}.Debug|x86.Build.0 = Debug|Any CPU
		{0D20D6D9-F615-4FC9-8914-42D296F6F8B7}.Release|Any CPU.ActiveCfg = Release|Any CPU
		{0D20D6D9-F615-4FC9-8914-42D296F6F8B7}.Release|Any CPU.Build.0 = Release|Any CPU
		{0D20D6D9-F615-4FC9-8914-42D296F6F8B7}.Release|x64.ActiveCfg = Release|Any CPU
		{0D20D6D9-F615-4FC9-8914-42D296F6F8B7}.Release|x64.Build.0 = Release|Any CPU
		{0D20D6D9-F615-4FC9-8914-42D296F6F8B7}.Release|x86.ActiveCfg = Release|Any CPU
		{0D20D6D9-F615-4FC9-8914-42D296F6F8B7}.Release|x86.Build.0 = Release|Any CPU
		{C1B625F6-820B-4AA9-B9ED-464D10C33F00}.Debug|Any CPU.ActiveCfg = Debug|Any CPU
		{C1B625F6-820B-4AA9-B9ED-464D10C33F00}.Debug|Any CPU.Build.0 = Debug|Any CPU
		{C1B625F6-820B-4AA9-B9ED-464D10C33F00}.Debug|x64.ActiveCfg = Debug|x64
		{C1B625F6-820B-4AA9-B9ED-464D10C33F00}.Debug|x64.Build.0 = Debug|x64
		{C1B625F6-820B-4AA9-B9ED-464D10C33F00}.Debug|x86.ActiveCfg = Debug|x86
		{C1B625F6-820B-4AA9-B9ED-464D10C33F00}.Debug|x86.Build.0 = Debug|x86
		{C1B625F6-820B-4AA9-B9ED-464D10C33F00}.Release|Any CPU.ActiveCfg = Release|Any CPU
		{C1B625F6-820B-4AA9-B9ED-464D10C33F00}.Release|Any CPU.Build.0 = Release|Any CPU
		{C1B625F6-820B-4AA9-B9ED-464D10C33F00}.Release|x64.ActiveCfg = Release|x64
		{C1B625F6-820B-4AA9-B9ED-464D10C33F00}.Release|x64.Build.0 = Release|x64
		{C1B625F6-820B-4AA9-B9ED-464D10C33F00}.Release|x86.ActiveCfg = Release|x86
		{C1B625F6-820B-4AA9-B9ED-464D10C33F00}.Release|x86.Build.0 = Release|x86
		{5860D1AA-E63E-4F6E-8A40-DE89A5A93BDE}.Debug|Any CPU.ActiveCfg = Debug|Any CPU
		{5860D1AA-E63E-4F6E-8A40-DE89A5A93BDE}.Debug|Any CPU.Build.0 = Debug|Any CPU
		{5860D1AA-E63E-4F6E-8A40-DE89A5A93BDE}.Debug|x64.ActiveCfg = Debug|Any CPU
		{5860D1AA-E63E-4F6E-8A40-DE89A5A93BDE}.Debug|x64.Build.0 = Debug|Any CPU
		{5860D1AA-E63E-4F6E-8A40-DE89A5A93BDE}.Debug|x86.ActiveCfg = Debug|Any CPU
		{5860D1AA-E63E-4F6E-8A40-DE89A5A93BDE}.Debug|x86.Build.0 = Debug|Any CPU
		{5860D1AA-E63E-4F6E-8A40-DE89A5A93BDE}.Release|Any CPU.ActiveCfg = Release|Any CPU
		{5860D1AA-E63E-4F6E-8A40-DE89A5A93BDE}.Release|Any CPU.Build.0 = Release|Any CPU
		{5860D1AA-E63E-4F6E-8A40-DE89A5A93BDE}.Release|x64.ActiveCfg = Release|Any CPU
		{5860D1AA-E63E-4F6E-8A40-DE89A5A93BDE}.Release|x64.Build.0 = Release|Any CPU
		{5860D1AA-E63E-4F6E-8A40-DE89A5A93BDE}.Release|x86.ActiveCfg = Release|Any CPU
		{5860D1AA-E63E-4F6E-8A40-DE89A5A93BDE}.Release|x86.Build.0 = Release|Any CPU
		{C75DA14C-C711-4277-86F0-30B8914C9168}.Debug|Any CPU.ActiveCfg = Debug|Any CPU
		{C75DA14C-C711-4277-86F0-30B8914C9168}.Debug|Any CPU.Build.0 = Debug|Any CPU
		{C75DA14C-C711-4277-86F0-30B8914C9168}.Debug|x64.ActiveCfg = Debug|x64
		{C75DA14C-C711-4277-86F0-30B8914C9168}.Debug|x64.Build.0 = Debug|x64
		{C75DA14C-C711-4277-86F0-30B8914C9168}.Debug|x86.ActiveCfg = Debug|x86
		{C75DA14C-C711-4277-86F0-30B8914C9168}.Debug|x86.Build.0 = Debug|x86
		{C75DA14C-C711-4277-86F0-30B8914C9168}.Release|Any CPU.ActiveCfg = Release|Any CPU
		{C75DA14C-C711-4277-86F0-30B8914C9168}.Release|Any CPU.Build.0 = Release|Any CPU
		{C75DA14C-C711-4277-86F0-30B8914C9168}.Release|x64.ActiveCfg = Release|x64
		{C75DA14C-C711-4277-86F0-30B8914C9168}.Release|x64.Build.0 = Release|x64
		{C75DA14C-C711-4277-86F0-30B8914C9168}.Release|x86.ActiveCfg = Release|x86
		{C75DA14C-C711-4277-86F0-30B8914C9168}.Release|x86.Build.0 = Release|x86
		{2EB7FDB5-6241-4E90-A2CC-4C5785257DE1}.Debug|Any CPU.ActiveCfg = Debug|Any CPU
		{2EB7FDB5-6241-4E90-A2CC-4C5785257DE1}.Debug|Any CPU.Build.0 = Debug|Any CPU
		{2EB7FDB5-6241-4E90-A2CC-4C5785257DE1}.Debug|x64.ActiveCfg = Debug|x64
		{2EB7FDB5-6241-4E90-A2CC-4C5785257DE1}.Debug|x64.Build.0 = Debug|x64
		{2EB7FDB5-6241-4E90-A2CC-4C5785257DE1}.Debug|x86.ActiveCfg = Debug|x86
		{2EB7FDB5-6241-4E90-A2CC-4C5785257DE1}.Debug|x86.Build.0 = Debug|x86
		{2EB7FDB5-6241-4E90-A2CC-4C5785257DE1}.Release|Any CPU.ActiveCfg = Release|Any CPU
		{2EB7FDB5-6241-4E90-A2CC-4C5785257DE1}.Release|Any CPU.Build.0 = Release|Any CPU
		{2EB7FDB5-6241-4E90-A2CC-4C5785257DE1}.Release|x64.ActiveCfg = Release|x64
		{2EB7FDB5-6241-4E90-A2CC-4C5785257DE1}.Release|x64.Build.0 = Release|x64
		{2EB7FDB5-6241-4E90-A2CC-4C5785257DE1}.Release|x86.ActiveCfg = Release|x86
		{2EB7FDB5-6241-4E90-A2CC-4C5785257DE1}.Release|x86.Build.0 = Release|x86
		{76154AF0-D11C-400F-86B0-166528BFEABB}.Debug|Any CPU.ActiveCfg = Debug|Any CPU
		{76154AF0-D11C-400F-86B0-166528BFEABB}.Debug|Any CPU.Build.0 = Debug|Any CPU
		{76154AF0-D11C-400F-86B0-166528BFEABB}.Debug|x64.ActiveCfg = Debug|x64
		{76154AF0-D11C-400F-86B0-166528BFEABB}.Debug|x64.Build.0 = Debug|x64
		{76154AF0-D11C-400F-86B0-166528BFEABB}.Debug|x86.ActiveCfg = Debug|x86
		{76154AF0-D11C-400F-86B0-166528BFEABB}.Debug|x86.Build.0 = Debug|x86
		{76154AF0-D11C-400F-86B0-166528BFEABB}.Release|Any CPU.ActiveCfg = Release|Any CPU
		{76154AF0-D11C-400F-86B0-166528BFEABB}.Release|Any CPU.Build.0 = Release|Any CPU
		{76154AF0-D11C-400F-86B0-166528BFEABB}.Release|x64.ActiveCfg = Release|x64
		{76154AF0-D11C-400F-86B0-166528BFEABB}.Release|x64.Build.0 = Release|x64
		{76154AF0-D11C-400F-86B0-166528BFEABB}.Release|x86.ActiveCfg = Release|x86
		{76154AF0-D11C-400F-86B0-166528BFEABB}.Release|x86.Build.0 = Release|x86
		{03840A4B-3972-44A8-AFBA-E3578C04FE20}.Debug|Any CPU.ActiveCfg = Debug|Any CPU
		{03840A4B-3972-44A8-AFBA-E3578C04FE20}.Debug|Any CPU.Build.0 = Debug|Any CPU
		{03840A4B-3972-44A8-AFBA-E3578C04FE20}.Debug|x64.ActiveCfg = Debug|Any CPU
		{03840A4B-3972-44A8-AFBA-E3578C04FE20}.Debug|x64.Build.0 = Debug|Any CPU
		{03840A4B-3972-44A8-AFBA-E3578C04FE20}.Debug|x86.ActiveCfg = Debug|Any CPU
		{03840A4B-3972-44A8-AFBA-E3578C04FE20}.Debug|x86.Build.0 = Debug|Any CPU
		{03840A4B-3972-44A8-AFBA-E3578C04FE20}.Release|Any CPU.ActiveCfg = Release|Any CPU
		{03840A4B-3972-44A8-AFBA-E3578C04FE20}.Release|Any CPU.Build.0 = Release|Any CPU
		{03840A4B-3972-44A8-AFBA-E3578C04FE20}.Release|x64.ActiveCfg = Release|Any CPU
		{03840A4B-3972-44A8-AFBA-E3578C04FE20}.Release|x64.Build.0 = Release|Any CPU
		{03840A4B-3972-44A8-AFBA-E3578C04FE20}.Release|x86.ActiveCfg = Release|Any CPU
		{03840A4B-3972-44A8-AFBA-E3578C04FE20}.Release|x86.Build.0 = Release|Any CPU
		{DB72CA5A-0288-400E-84CB-EFFA1A63F1D1}.Debug|Any CPU.ActiveCfg = Debug|Any CPU
		{DB72CA5A-0288-400E-84CB-EFFA1A63F1D1}.Debug|Any CPU.Build.0 = Debug|Any CPU
		{DB72CA5A-0288-400E-84CB-EFFA1A63F1D1}.Debug|x64.ActiveCfg = Debug|Any CPU
		{DB72CA5A-0288-400E-84CB-EFFA1A63F1D1}.Debug|x64.Build.0 = Debug|Any CPU
		{DB72CA5A-0288-400E-84CB-EFFA1A63F1D1}.Debug|x86.ActiveCfg = Debug|Any CPU
		{DB72CA5A-0288-400E-84CB-EFFA1A63F1D1}.Debug|x86.Build.0 = Debug|Any CPU
		{DB72CA5A-0288-400E-84CB-EFFA1A63F1D1}.Release|Any CPU.ActiveCfg = Release|Any CPU
		{DB72CA5A-0288-400E-84CB-EFFA1A63F1D1}.Release|Any CPU.Build.0 = Release|Any CPU
		{DB72CA5A-0288-400E-84CB-EFFA1A63F1D1}.Release|x64.ActiveCfg = Release|Any CPU
		{DB72CA5A-0288-400E-84CB-EFFA1A63F1D1}.Release|x64.Build.0 = Release|Any CPU
		{DB72CA5A-0288-400E-84CB-EFFA1A63F1D1}.Release|x86.ActiveCfg = Release|Any CPU
		{DB72CA5A-0288-400E-84CB-EFFA1A63F1D1}.Release|x86.Build.0 = Release|Any CPU
		{41695F06-420A-4648-B408-BB0DAD0A5E04}.Debug|Any CPU.ActiveCfg = Debug|Any CPU
		{41695F06-420A-4648-B408-BB0DAD0A5E04}.Debug|Any CPU.Build.0 = Debug|Any CPU
		{41695F06-420A-4648-B408-BB0DAD0A5E04}.Debug|x64.ActiveCfg = Debug|Any CPU
		{41695F06-420A-4648-B408-BB0DAD0A5E04}.Debug|x64.Build.0 = Debug|Any CPU
		{41695F06-420A-4648-B408-BB0DAD0A5E04}.Debug|x86.ActiveCfg = Debug|Any CPU
		{41695F06-420A-4648-B408-BB0DAD0A5E04}.Debug|x86.Build.0 = Debug|Any CPU
		{41695F06-420A-4648-B408-BB0DAD0A5E04}.Release|Any CPU.ActiveCfg = Release|Any CPU
		{41695F06-420A-4648-B408-BB0DAD0A5E04}.Release|Any CPU.Build.0 = Release|Any CPU
		{41695F06-420A-4648-B408-BB0DAD0A5E04}.Release|x64.ActiveCfg = Release|Any CPU
		{41695F06-420A-4648-B408-BB0DAD0A5E04}.Release|x64.Build.0 = Release|Any CPU
		{41695F06-420A-4648-B408-BB0DAD0A5E04}.Release|x86.ActiveCfg = Release|Any CPU
		{41695F06-420A-4648-B408-BB0DAD0A5E04}.Release|x86.Build.0 = Release|Any CPU
		{FBEA021C-E0C4-4AFF-AF72-218A37D0EADD}.Debug|Any CPU.ActiveCfg = Debug|Any CPU
		{FBEA021C-E0C4-4AFF-AF72-218A37D0EADD}.Debug|Any CPU.Build.0 = Debug|Any CPU
		{FBEA021C-E0C4-4AFF-AF72-218A37D0EADD}.Debug|x64.ActiveCfg = Debug|Any CPU
		{FBEA021C-E0C4-4AFF-AF72-218A37D0EADD}.Debug|x64.Build.0 = Debug|Any CPU
		{FBEA021C-E0C4-4AFF-AF72-218A37D0EADD}.Debug|x86.ActiveCfg = Debug|Any CPU
		{FBEA021C-E0C4-4AFF-AF72-218A37D0EADD}.Debug|x86.Build.0 = Debug|Any CPU
		{FBEA021C-E0C4-4AFF-AF72-218A37D0EADD}.Release|Any CPU.ActiveCfg = Release|Any CPU
		{FBEA021C-E0C4-4AFF-AF72-218A37D0EADD}.Release|Any CPU.Build.0 = Release|Any CPU
		{FBEA021C-E0C4-4AFF-AF72-218A37D0EADD}.Release|x64.ActiveCfg = Release|Any CPU
		{FBEA021C-E0C4-4AFF-AF72-218A37D0EADD}.Release|x64.Build.0 = Release|Any CPU
		{FBEA021C-E0C4-4AFF-AF72-218A37D0EADD}.Release|x86.ActiveCfg = Release|Any CPU
		{FBEA021C-E0C4-4AFF-AF72-218A37D0EADD}.Release|x86.Build.0 = Release|Any CPU
		{5BD20A5D-5691-44DD-AF9F-1FB76E2A3C43}.Debug|Any CPU.ActiveCfg = Debug|Any CPU
		{5BD20A5D-5691-44DD-AF9F-1FB76E2A3C43}.Debug|Any CPU.Build.0 = Debug|Any CPU
		{5BD20A5D-5691-44DD-AF9F-1FB76E2A3C43}.Debug|x64.ActiveCfg = Debug|Any CPU
		{5BD20A5D-5691-44DD-AF9F-1FB76E2A3C43}.Debug|x64.Build.0 = Debug|Any CPU
		{5BD20A5D-5691-44DD-AF9F-1FB76E2A3C43}.Debug|x86.ActiveCfg = Debug|Any CPU
		{5BD20A5D-5691-44DD-AF9F-1FB76E2A3C43}.Debug|x86.Build.0 = Debug|Any CPU
		{5BD20A5D-5691-44DD-AF9F-1FB76E2A3C43}.Release|Any CPU.ActiveCfg = Release|Any CPU
		{5BD20A5D-5691-44DD-AF9F-1FB76E2A3C43}.Release|Any CPU.Build.0 = Release|Any CPU
		{5BD20A5D-5691-44DD-AF9F-1FB76E2A3C43}.Release|x64.ActiveCfg = Release|Any CPU
		{5BD20A5D-5691-44DD-AF9F-1FB76E2A3C43}.Release|x64.Build.0 = Release|Any CPU
		{5BD20A5D-5691-44DD-AF9F-1FB76E2A3C43}.Release|x86.ActiveCfg = Release|Any CPU
		{5BD20A5D-5691-44DD-AF9F-1FB76E2A3C43}.Release|x86.Build.0 = Release|Any CPU
		{3FF568BF-94C9-4ADB-BD67-01CDA8B7B687}.Debug|Any CPU.ActiveCfg = Debug|Any CPU
		{3FF568BF-94C9-4ADB-BD67-01CDA8B7B687}.Debug|Any CPU.Build.0 = Debug|Any CPU
		{3FF568BF-94C9-4ADB-BD67-01CDA8B7B687}.Debug|x64.ActiveCfg = Debug|Any CPU
		{3FF568BF-94C9-4ADB-BD67-01CDA8B7B687}.Debug|x64.Build.0 = Debug|Any CPU
		{3FF568BF-94C9-4ADB-BD67-01CDA8B7B687}.Debug|x86.ActiveCfg = Debug|Any CPU
		{3FF568BF-94C9-4ADB-BD67-01CDA8B7B687}.Debug|x86.Build.0 = Debug|Any CPU
		{3FF568BF-94C9-4ADB-BD67-01CDA8B7B687}.Release|Any CPU.ActiveCfg = Release|Any CPU
		{3FF568BF-94C9-4ADB-BD67-01CDA8B7B687}.Release|Any CPU.Build.0 = Release|Any CPU
		{3FF568BF-94C9-4ADB-BD67-01CDA8B7B687}.Release|x64.ActiveCfg = Release|Any CPU
		{3FF568BF-94C9-4ADB-BD67-01CDA8B7B687}.Release|x64.Build.0 = Release|Any CPU
		{3FF568BF-94C9-4ADB-BD67-01CDA8B7B687}.Release|x86.ActiveCfg = Release|Any CPU
		{3FF568BF-94C9-4ADB-BD67-01CDA8B7B687}.Release|x86.Build.0 = Release|Any CPU
		{F6D6BDA1-4375-4AC2-AF94-213F30A61778}.Debug|Any CPU.ActiveCfg = Debug|Any CPU
		{F6D6BDA1-4375-4AC2-AF94-213F30A61778}.Debug|Any CPU.Build.0 = Debug|Any CPU
		{F6D6BDA1-4375-4AC2-AF94-213F30A61778}.Debug|x64.ActiveCfg = Debug|Any CPU
		{F6D6BDA1-4375-4AC2-AF94-213F30A61778}.Debug|x64.Build.0 = Debug|Any CPU
		{F6D6BDA1-4375-4AC2-AF94-213F30A61778}.Debug|x86.ActiveCfg = Debug|Any CPU
		{F6D6BDA1-4375-4AC2-AF94-213F30A61778}.Debug|x86.Build.0 = Debug|Any CPU
		{F6D6BDA1-4375-4AC2-AF94-213F30A61778}.Release|Any CPU.ActiveCfg = Release|Any CPU
		{F6D6BDA1-4375-4AC2-AF94-213F30A61778}.Release|Any CPU.Build.0 = Release|Any CPU
		{F6D6BDA1-4375-4AC2-AF94-213F30A61778}.Release|x64.ActiveCfg = Release|Any CPU
		{F6D6BDA1-4375-4AC2-AF94-213F30A61778}.Release|x64.Build.0 = Release|Any CPU
		{F6D6BDA1-4375-4AC2-AF94-213F30A61778}.Release|x86.ActiveCfg = Release|Any CPU
		{F6D6BDA1-4375-4AC2-AF94-213F30A61778}.Release|x86.Build.0 = Release|Any CPU
		{3839F745-9249-4F8D-BC1A-7F1B9D67E085}.Debug|Any CPU.ActiveCfg = Debug|Any CPU
		{3839F745-9249-4F8D-BC1A-7F1B9D67E085}.Debug|Any CPU.Build.0 = Debug|Any CPU
		{3839F745-9249-4F8D-BC1A-7F1B9D67E085}.Debug|x64.ActiveCfg = Debug|Any CPU
		{3839F745-9249-4F8D-BC1A-7F1B9D67E085}.Debug|x64.Build.0 = Debug|Any CPU
		{3839F745-9249-4F8D-BC1A-7F1B9D67E085}.Debug|x86.ActiveCfg = Debug|Any CPU
		{3839F745-9249-4F8D-BC1A-7F1B9D67E085}.Debug|x86.Build.0 = Debug|Any CPU
		{3839F745-9249-4F8D-BC1A-7F1B9D67E085}.Release|Any CPU.ActiveCfg = Release|Any CPU
		{3839F745-9249-4F8D-BC1A-7F1B9D67E085}.Release|Any CPU.Build.0 = Release|Any CPU
		{3839F745-9249-4F8D-BC1A-7F1B9D67E085}.Release|x64.ActiveCfg = Release|Any CPU
		{3839F745-9249-4F8D-BC1A-7F1B9D67E085}.Release|x64.Build.0 = Release|Any CPU
		{3839F745-9249-4F8D-BC1A-7F1B9D67E085}.Release|x86.ActiveCfg = Release|Any CPU
		{3839F745-9249-4F8D-BC1A-7F1B9D67E085}.Release|x86.Build.0 = Release|Any CPU
		{91625218-04B2-4AC8-BF68-6F00D0ADAE1A}.Debug|Any CPU.ActiveCfg = Debug|Any CPU
		{91625218-04B2-4AC8-BF68-6F00D0ADAE1A}.Debug|Any CPU.Build.0 = Debug|Any CPU
		{91625218-04B2-4AC8-BF68-6F00D0ADAE1A}.Debug|x64.ActiveCfg = Debug|Any CPU
		{91625218-04B2-4AC8-BF68-6F00D0ADAE1A}.Debug|x64.Build.0 = Debug|Any CPU
		{91625218-04B2-4AC8-BF68-6F00D0ADAE1A}.Debug|x86.ActiveCfg = Debug|Any CPU
		{91625218-04B2-4AC8-BF68-6F00D0ADAE1A}.Debug|x86.Build.0 = Debug|Any CPU
		{91625218-04B2-4AC8-BF68-6F00D0ADAE1A}.Release|Any CPU.ActiveCfg = Release|Any CPU
		{91625218-04B2-4AC8-BF68-6F00D0ADAE1A}.Release|Any CPU.Build.0 = Release|Any CPU
		{91625218-04B2-4AC8-BF68-6F00D0ADAE1A}.Release|x64.ActiveCfg = Release|Any CPU
		{91625218-04B2-4AC8-BF68-6F00D0ADAE1A}.Release|x64.Build.0 = Release|Any CPU
		{91625218-04B2-4AC8-BF68-6F00D0ADAE1A}.Release|x86.ActiveCfg = Release|Any CPU
		{91625218-04B2-4AC8-BF68-6F00D0ADAE1A}.Release|x86.Build.0 = Release|Any CPU
		{C7E286C0-6B86-4F20-82E6-FAE9EED2E6BD}.Debug|Any CPU.ActiveCfg = Debug|Any CPU
		{C7E286C0-6B86-4F20-82E6-FAE9EED2E6BD}.Debug|Any CPU.Build.0 = Debug|Any CPU
		{C7E286C0-6B86-4F20-82E6-FAE9EED2E6BD}.Debug|x64.ActiveCfg = Debug|Any CPU
		{C7E286C0-6B86-4F20-82E6-FAE9EED2E6BD}.Debug|x64.Build.0 = Debug|Any CPU
		{C7E286C0-6B86-4F20-82E6-FAE9EED2E6BD}.Debug|x86.ActiveCfg = Debug|Any CPU
		{C7E286C0-6B86-4F20-82E6-FAE9EED2E6BD}.Debug|x86.Build.0 = Debug|Any CPU
		{C7E286C0-6B86-4F20-82E6-FAE9EED2E6BD}.Release|Any CPU.ActiveCfg = Release|Any CPU
		{C7E286C0-6B86-4F20-82E6-FAE9EED2E6BD}.Release|Any CPU.Build.0 = Release|Any CPU
		{C7E286C0-6B86-4F20-82E6-FAE9EED2E6BD}.Release|x64.ActiveCfg = Release|Any CPU
		{C7E286C0-6B86-4F20-82E6-FAE9EED2E6BD}.Release|x64.Build.0 = Release|Any CPU
		{C7E286C0-6B86-4F20-82E6-FAE9EED2E6BD}.Release|x86.ActiveCfg = Release|Any CPU
		{C7E286C0-6B86-4F20-82E6-FAE9EED2E6BD}.Release|x86.Build.0 = Release|Any CPU
		{566289FB-1C9B-40F7-93F4-EA77C9F8753B}.Debug|Any CPU.ActiveCfg = Debug|Any CPU
		{566289FB-1C9B-40F7-93F4-EA77C9F8753B}.Debug|Any CPU.Build.0 = Debug|Any CPU
		{566289FB-1C9B-40F7-93F4-EA77C9F8753B}.Debug|x64.ActiveCfg = Debug|Any CPU
		{566289FB-1C9B-40F7-93F4-EA77C9F8753B}.Debug|x64.Build.0 = Debug|Any CPU
		{566289FB-1C9B-40F7-93F4-EA77C9F8753B}.Debug|x86.ActiveCfg = Debug|Any CPU
		{566289FB-1C9B-40F7-93F4-EA77C9F8753B}.Debug|x86.Build.0 = Debug|Any CPU
		{566289FB-1C9B-40F7-93F4-EA77C9F8753B}.Release|Any CPU.ActiveCfg = Release|Any CPU
		{566289FB-1C9B-40F7-93F4-EA77C9F8753B}.Release|Any CPU.Build.0 = Release|Any CPU
		{566289FB-1C9B-40F7-93F4-EA77C9F8753B}.Release|x64.ActiveCfg = Release|Any CPU
		{566289FB-1C9B-40F7-93F4-EA77C9F8753B}.Release|x64.Build.0 = Release|Any CPU
		{566289FB-1C9B-40F7-93F4-EA77C9F8753B}.Release|x86.ActiveCfg = Release|Any CPU
		{566289FB-1C9B-40F7-93F4-EA77C9F8753B}.Release|x86.Build.0 = Release|Any CPU
		{0836353C-0685-48F4-AE3A-6C40CE1D09BB}.Debug|Any CPU.ActiveCfg = Debug|Any CPU
		{0836353C-0685-48F4-AE3A-6C40CE1D09BB}.Debug|Any CPU.Build.0 = Debug|Any CPU
		{0836353C-0685-48F4-AE3A-6C40CE1D09BB}.Debug|x64.ActiveCfg = Debug|Any CPU
		{0836353C-0685-48F4-AE3A-6C40CE1D09BB}.Debug|x64.Build.0 = Debug|Any CPU
		{0836353C-0685-48F4-AE3A-6C40CE1D09BB}.Debug|x86.ActiveCfg = Debug|Any CPU
		{0836353C-0685-48F4-AE3A-6C40CE1D09BB}.Debug|x86.Build.0 = Debug|Any CPU
		{0836353C-0685-48F4-AE3A-6C40CE1D09BB}.Release|Any CPU.ActiveCfg = Release|Any CPU
		{0836353C-0685-48F4-AE3A-6C40CE1D09BB}.Release|Any CPU.Build.0 = Release|Any CPU
		{0836353C-0685-48F4-AE3A-6C40CE1D09BB}.Release|x64.ActiveCfg = Release|Any CPU
		{0836353C-0685-48F4-AE3A-6C40CE1D09BB}.Release|x64.Build.0 = Release|Any CPU
		{0836353C-0685-48F4-AE3A-6C40CE1D09BB}.Release|x86.ActiveCfg = Release|Any CPU
		{0836353C-0685-48F4-AE3A-6C40CE1D09BB}.Release|x86.Build.0 = Release|Any CPU
	EndGlobalSection
	GlobalSection(SolutionProperties) = preSolution
		HideSolutionNode = FALSE
	EndGlobalSection
	GlobalSection(NestedProjects) = preSolution
		{41695F06-420A-4648-B408-BB0DAD0A5E04} = {02EA681E-C7D8-13C7-8484-4AC65E1B71E8}
		{02EA681E-C7D8-13C7-8484-4AC65E1B71E8} = {23A01FE6-098B-49C8-BF77-B79FBB8B4009}
		{FBEA021C-E0C4-4AFF-AF72-218A37D0EADD} = {02EA681E-C7D8-13C7-8484-4AC65E1B71E8}
		{5BD20A5D-5691-44DD-AF9F-1FB76E2A3C43} = {02EA681E-C7D8-13C7-8484-4AC65E1B71E8}
		{3FF568BF-94C9-4ADB-BD67-01CDA8B7B687} = {02EA681E-C7D8-13C7-8484-4AC65E1B71E8}
		{F6D6BDA1-4375-4AC2-AF94-213F30A61778} = {02EA681E-C7D8-13C7-8484-4AC65E1B71E8}
		{3839F745-9249-4F8D-BC1A-7F1B9D67E085} = {02EA681E-C7D8-13C7-8484-4AC65E1B71E8}
		{91625218-04B2-4AC8-BF68-6F00D0ADAE1A} = {02EA681E-C7D8-13C7-8484-4AC65E1B71E8}
		{C7E286C0-6B86-4F20-82E6-FAE9EED2E6BD} = {02EA681E-C7D8-13C7-8484-4AC65E1B71E8}
		{566289FB-1C9B-40F7-93F4-EA77C9F8753B} = {02EA681E-C7D8-13C7-8484-4AC65E1B71E8}
		{0836353C-0685-48F4-AE3A-6C40CE1D09BB} = {02EA681E-C7D8-13C7-8484-4AC65E1B71E8}
	EndGlobalSection
	GlobalSection(ExtensibilityGlobals) = postSolution
		SolutionGuid = {5385659D-F3A9-48BB-BC3B-D5AC576799F0}
	EndGlobalSection
EndGlobal
