
Microsoft Visual Studio Solution File, Format Version 12.00
# Visual Studio Version 17
VisualStudioVersion = 17.0.32014.148
MinimumVisualStudioVersion = 10.0.40219.1
Project("{9A19103F-16F7-4668-BE54-9A1E7A4F7556}") = "Common_Net_Funcs", "Common_Net_Funcs.csproj", "{137E5631-67F7-42B2-811E-C51A1AD8A8E1}"
EndProject
Project("{FAE04EC0-301F-11D3-BF4B-00C04F79EFBC}") = "CommonNetFuncs.EFCore", "..\CommonNetFuncs.EFCore\CommonNetFuncs.EFCore.csproj", "{26C946A3-9835-4246-930E-B015773789E2}"
EndProject
Project("{FAE04EC0-301F-11D3-BF4B-00C04F79EFBC}") = "CommonNetFuncs.FastMap", "..\CommonNetFuncs.FastMap\CommonNetFuncs.FastMap.csproj", "{F45B4B36-A8FE-45EC-B08F-992C42C79D68}"
EndProject
Project("{FAE04EC0-301F-11D3-BF4B-00C04F79EFBC}") = "CommonNetFuncs.DebugHelpers", "..\CommonNetFuncs.DebugHelpers\CommonNetFuncs.DebugHelpers.csproj", "{12827EDA-01C6-42AD-A434-F557EFF79E53}"
EndProject
Project("{FAE04EC0-301F-11D3-BF4B-00C04F79EFBC}") = "CommonNetFuncs.DeepCloneHelpers", "..\CommonNetFuncs.DeepCloneHelpers\CommonNetFuncs.DeepCloneHelpers.csproj", "{08AB251B-2861-445D-8787-0D1F99C75CCB}"
EndProject
Project("{FAE04EC0-301F-11D3-BF4B-00C04F79EFBC}") = "CommonNetFuncs.ObjectHelpers", "..\CommonNetFuncs.ObjectHelpers\CommonNetFuncs.ObjectHelpers.csproj", "{B7A283E0-0478-4B27-AF26-7C96DA0ACF26}"
EndProject
Project("{FAE04EC0-301F-11D3-BF4B-00C04F79EFBC}") = "CommonNetFuncs.Email", "..\CommonNetFuncs.Email\CommonNetFuncs.Email.csproj", "{4CA1055F-74B1-44A1-A29D-5901E1906281}"
EndProject
Project("{FAE04EC0-301F-11D3-BF4B-00C04F79EFBC}") = "CommonNetFuncs.Compression", "..\CommonNetFuncs.Compression\CommonNetFuncs.Compression.csproj", "{45DAA6D1-18B5-4459-8281-BB2F15675CE9}"
EndProject
Project("{FAE04EC0-301F-11D3-BF4B-00C04F79EFBC}") = "CommonNetFuncs.Convert", "..\CommonNetFuncs.Convert\CommonNetFuncs.Convert.csproj", "{6D60E73D-DDB1-4694-96AE-871C2D215866}"
EndProject
Project("{FAE04EC0-301F-11D3-BF4B-00C04F79EFBC}") = "CommonNetFuncs.Web", "..\CommonNetFuncs.Web\CommonNetFuncs.Web.csproj", "{984667EB-500D-403E-B228-05DF8576F733}"
EndProject
Project("{FAE04EC0-301F-11D3-BF4B-00C04F79EFBC}") = "CommonNetFuncs.Core", "..\CommonNetFuncs.Core\CommonNetFuncs.Core.csproj", "{9476A76C-DE9E-4495-ACE7-6E6C062EA3E8}"
EndProject
Project("{FAE04EC0-301F-11D3-BF4B-00C04F79EFBC}") = "CommonNetFuncs.Excel.Npoi", "..\CommonNetFuncs.Excel.Npoi\CommonNetFuncs.Excel.Npoi.csproj", "{84534E59-283B-41EA-9E5E-7598DB2F6E1F}"
EndProject
Global
	GlobalSection(SolutionConfigurationPlatforms) = preSolution
		Debug|Any CPU = Debug|Any CPU
		Debug|x64 = Debug|x64
		Debug|x86 = Debug|x86
		Release|Any CPU = Release|Any CPU
		Release|x64 = Release|x64
		Release|x86 = Release|x86
	EndGlobalSection
	GlobalSection(ProjectConfigurationPlatforms) = postSolution
		{137E5631-67F7-42B2-811E-C51A1AD8A8E1}.Debug|Any CPU.ActiveCfg = Debug|Any CPU
		{137E5631-67F7-42B2-811E-C51A1AD8A8E1}.Debug|Any CPU.Build.0 = Debug|Any CPU
		{137E5631-67F7-42B2-811E-C51A1AD8A8E1}.Debug|x64.ActiveCfg = Debug|x64
		{137E5631-67F7-42B2-811E-C51A1AD8A8E1}.Debug|x64.Build.0 = Debug|x64
		{137E5631-67F7-42B2-811E-C51A1AD8A8E1}.Debug|x86.ActiveCfg = Debug|x86
		{137E5631-67F7-42B2-811E-C51A1AD8A8E1}.Debug|x86.Build.0 = Debug|x86
		{137E5631-67F7-42B2-811E-C51A1AD8A8E1}.Release|Any CPU.ActiveCfg = Release|Any CPU
		{137E5631-67F7-42B2-811E-C51A1AD8A8E1}.Release|Any CPU.Build.0 = Release|Any CPU
		{137E5631-67F7-42B2-811E-C51A1AD8A8E1}.Release|x64.ActiveCfg = Release|x64
		{137E5631-67F7-42B2-811E-C51A1AD8A8E1}.Release|x64.Build.0 = Release|x64
		{137E5631-67F7-42B2-811E-C51A1AD8A8E1}.Release|x86.ActiveCfg = Release|x86
		{137E5631-67F7-42B2-811E-C51A1AD8A8E1}.Release|x86.Build.0 = Release|x86
		{26C946A3-9835-4246-930E-B015773789E2}.Debug|Any CPU.ActiveCfg = Debug|Any CPU
		{26C946A3-9835-4246-930E-B015773789E2}.Debug|Any CPU.Build.0 = Debug|Any CPU
		{26C946A3-9835-4246-930E-B015773789E2}.Debug|x64.ActiveCfg = Debug|Any CPU
		{26C946A3-9835-4246-930E-B015773789E2}.Debug|x64.Build.0 = Debug|Any CPU
		{26C946A3-9835-4246-930E-B015773789E2}.Debug|x86.ActiveCfg = Debug|Any CPU
		{26C946A3-9835-4246-930E-B015773789E2}.Debug|x86.Build.0 = Debug|Any CPU
		{26C946A3-9835-4246-930E-B015773789E2}.Release|Any CPU.ActiveCfg = Release|Any CPU
		{26C946A3-9835-4246-930E-B015773789E2}.Release|Any CPU.Build.0 = Release|Any CPU
		{26C946A3-9835-4246-930E-B015773789E2}.Release|x64.ActiveCfg = Release|Any CPU
		{26C946A3-9835-4246-930E-B015773789E2}.Release|x64.Build.0 = Release|Any CPU
		{26C946A3-9835-4246-930E-B015773789E2}.Release|x86.ActiveCfg = Release|Any CPU
		{26C946A3-9835-4246-930E-B015773789E2}.Release|x86.Build.0 = Release|Any CPU
		{F45B4B36-A8FE-45EC-B08F-992C42C79D68}.Debug|Any CPU.ActiveCfg = Debug|Any CPU
		{F45B4B36-A8FE-45EC-B08F-992C42C79D68}.Debug|Any CPU.Build.0 = Debug|Any CPU
		{F45B4B36-A8FE-45EC-B08F-992C42C79D68}.Debug|x64.ActiveCfg = Debug|Any CPU
		{F45B4B36-A8FE-45EC-B08F-992C42C79D68}.Debug|x64.Build.0 = Debug|Any CPU
		{F45B4B36-A8FE-45EC-B08F-992C42C79D68}.Debug|x86.ActiveCfg = Debug|Any CPU
		{F45B4B36-A8FE-45EC-B08F-992C42C79D68}.Debug|x86.Build.0 = Debug|Any CPU
		{F45B4B36-A8FE-45EC-B08F-992C42C79D68}.Release|Any CPU.ActiveCfg = Release|Any CPU
		{F45B4B36-A8FE-45EC-B08F-992C42C79D68}.Release|Any CPU.Build.0 = Release|Any CPU
		{F45B4B36-A8FE-45EC-B08F-992C42C79D68}.Release|x64.ActiveCfg = Release|Any CPU
		{F45B4B36-A8FE-45EC-B08F-992C42C79D68}.Release|x64.Build.0 = Release|Any CPU
		{F45B4B36-A8FE-45EC-B08F-992C42C79D68}.Release|x86.ActiveCfg = Release|Any CPU
		{F45B4B36-A8FE-45EC-B08F-992C42C79D68}.Release|x86.Build.0 = Release|Any CPU
		{12827EDA-01C6-42AD-A434-F557EFF79E53}.Debug|Any CPU.ActiveCfg = Debug|Any CPU
		{12827EDA-01C6-42AD-A434-F557EFF79E53}.Debug|Any CPU.Build.0 = Debug|Any CPU
		{12827EDA-01C6-42AD-A434-F557EFF79E53}.Debug|x64.ActiveCfg = Debug|Any CPU
		{12827EDA-01C6-42AD-A434-F557EFF79E53}.Debug|x64.Build.0 = Debug|Any CPU
		{12827EDA-01C6-42AD-A434-F557EFF79E53}.Debug|x86.ActiveCfg = Debug|Any CPU
		{12827EDA-01C6-42AD-A434-F557EFF79E53}.Debug|x86.Build.0 = Debug|Any CPU
		{12827EDA-01C6-42AD-A434-F557EFF79E53}.Release|Any CPU.ActiveCfg = Release|Any CPU
		{12827EDA-01C6-42AD-A434-F557EFF79E53}.Release|Any CPU.Build.0 = Release|Any CPU
		{12827EDA-01C6-42AD-A434-F557EFF79E53}.Release|x64.ActiveCfg = Release|Any CPU
		{12827EDA-01C6-42AD-A434-F557EFF79E53}.Release|x64.Build.0 = Release|Any CPU
		{12827EDA-01C6-42AD-A434-F557EFF79E53}.Release|x86.ActiveCfg = Release|Any CPU
		{12827EDA-01C6-42AD-A434-F557EFF79E53}.Release|x86.Build.0 = Release|Any CPU
		{08AB251B-2861-445D-8787-0D1F99C75CCB}.Debug|Any CPU.ActiveCfg = Debug|Any CPU
		{08AB251B-2861-445D-8787-0D1F99C75CCB}.Debug|Any CPU.Build.0 = Debug|Any CPU
		{08AB251B-2861-445D-8787-0D1F99C75CCB}.Debug|x64.ActiveCfg = Debug|Any CPU
		{08AB251B-2861-445D-8787-0D1F99C75CCB}.Debug|x64.Build.0 = Debug|Any CPU
		{08AB251B-2861-445D-8787-0D1F99C75CCB}.Debug|x86.ActiveCfg = Debug|Any CPU
		{08AB251B-2861-445D-8787-0D1F99C75CCB}.Debug|x86.Build.0 = Debug|Any CPU
		{08AB251B-2861-445D-8787-0D1F99C75CCB}.Release|Any CPU.ActiveCfg = Release|Any CPU
		{08AB251B-2861-445D-8787-0D1F99C75CCB}.Release|Any CPU.Build.0 = Release|Any CPU
		{08AB251B-2861-445D-8787-0D1F99C75CCB}.Release|x64.ActiveCfg = Release|Any CPU
		{08AB251B-2861-445D-8787-0D1F99C75CCB}.Release|x64.Build.0 = Release|Any CPU
		{08AB251B-2861-445D-8787-0D1F99C75CCB}.Release|x86.ActiveCfg = Release|Any CPU
		{08AB251B-2861-445D-8787-0D1F99C75CCB}.Release|x86.Build.0 = Release|Any CPU
		{B7A283E0-0478-4B27-AF26-7C96DA0ACF26}.Debug|Any CPU.ActiveCfg = Debug|Any CPU
		{B7A283E0-0478-4B27-AF26-7C96DA0ACF26}.Debug|Any CPU.Build.0 = Debug|Any CPU
		{B7A283E0-0478-4B27-AF26-7C96DA0ACF26}.Debug|x64.ActiveCfg = Debug|Any CPU
		{B7A283E0-0478-4B27-AF26-7C96DA0ACF26}.Debug|x64.Build.0 = Debug|Any CPU
		{B7A283E0-0478-4B27-AF26-7C96DA0ACF26}.Debug|x86.ActiveCfg = Debug|Any CPU
		{B7A283E0-0478-4B27-AF26-7C96DA0ACF26}.Debug|x86.Build.0 = Debug|Any CPU
		{B7A283E0-0478-4B27-AF26-7C96DA0ACF26}.Release|Any CPU.ActiveCfg = Release|Any CPU
		{B7A283E0-0478-4B27-AF26-7C96DA0ACF26}.Release|Any CPU.Build.0 = Release|Any CPU
		{B7A283E0-0478-4B27-AF26-7C96DA0ACF26}.Release|x64.ActiveCfg = Release|Any CPU
		{B7A283E0-0478-4B27-AF26-7C96DA0ACF26}.Release|x64.Build.0 = Release|Any CPU
		{B7A283E0-0478-4B27-AF26-7C96DA0ACF26}.Release|x86.ActiveCfg = Release|Any CPU
		{B7A283E0-0478-4B27-AF26-7C96DA0ACF26}.Release|x86.Build.0 = Release|Any CPU
		{4CA1055F-74B1-44A1-A29D-5901E1906281}.Debug|Any CPU.ActiveCfg = Debug|Any CPU
		{4CA1055F-74B1-44A1-A29D-5901E1906281}.Debug|Any CPU.Build.0 = Debug|Any CPU
		{4CA1055F-74B1-44A1-A29D-5901E1906281}.Debug|x64.ActiveCfg = Debug|Any CPU
		{4CA1055F-74B1-44A1-A29D-5901E1906281}.Debug|x64.Build.0 = Debug|Any CPU
		{4CA1055F-74B1-44A1-A29D-5901E1906281}.Debug|x86.ActiveCfg = Debug|Any CPU
		{4CA1055F-74B1-44A1-A29D-5901E1906281}.Debug|x86.Build.0 = Debug|Any CPU
		{4CA1055F-74B1-44A1-A29D-5901E1906281}.Release|Any CPU.ActiveCfg = Release|Any CPU
		{4CA1055F-74B1-44A1-A29D-5901E1906281}.Release|Any CPU.Build.0 = Release|Any CPU
		{4CA1055F-74B1-44A1-A29D-5901E1906281}.Release|x64.ActiveCfg = Release|Any CPU
		{4CA1055F-74B1-44A1-A29D-5901E1906281}.Release|x64.Build.0 = Release|Any CPU
		{4CA1055F-74B1-44A1-A29D-5901E1906281}.Release|x86.ActiveCfg = Release|Any CPU
		{4CA1055F-74B1-44A1-A29D-5901E1906281}.Release|x86.Build.0 = Release|Any CPU
		{45DAA6D1-18B5-4459-8281-BB2F15675CE9}.Debug|Any CPU.ActiveCfg = Debug|Any CPU
		{45DAA6D1-18B5-4459-8281-BB2F15675CE9}.Debug|Any CPU.Build.0 = Debug|Any CPU
		{45DAA6D1-18B5-4459-8281-BB2F15675CE9}.Debug|x64.ActiveCfg = Debug|Any CPU
		{45DAA6D1-18B5-4459-8281-BB2F15675CE9}.Debug|x64.Build.0 = Debug|Any CPU
		{45DAA6D1-18B5-4459-8281-BB2F15675CE9}.Debug|x86.ActiveCfg = Debug|Any CPU
		{45DAA6D1-18B5-4459-8281-BB2F15675CE9}.Debug|x86.Build.0 = Debug|Any CPU
		{45DAA6D1-18B5-4459-8281-BB2F15675CE9}.Release|Any CPU.ActiveCfg = Release|Any CPU
		{45DAA6D1-18B5-4459-8281-BB2F15675CE9}.Release|Any CPU.Build.0 = Release|Any CPU
		{45DAA6D1-18B5-4459-8281-BB2F15675CE9}.Release|x64.ActiveCfg = Release|Any CPU
		{45DAA6D1-18B5-4459-8281-BB2F15675CE9}.Release|x64.Build.0 = Release|Any CPU
		{45DAA6D1-18B5-4459-8281-BB2F15675CE9}.Release|x86.ActiveCfg = Release|Any CPU
		{45DAA6D1-18B5-4459-8281-BB2F15675CE9}.Release|x86.Build.0 = Release|Any CPU
		{6D60E73D-DDB1-4694-96AE-871C2D215866}.Debug|Any CPU.ActiveCfg = Debug|Any CPU
		{6D60E73D-DDB1-4694-96AE-871C2D215866}.Debug|Any CPU.Build.0 = Debug|Any CPU
		{6D60E73D-DDB1-4694-96AE-871C2D215866}.Debug|x64.ActiveCfg = Debug|Any CPU
		{6D60E73D-DDB1-4694-96AE-871C2D215866}.Debug|x64.Build.0 = Debug|Any CPU
		{6D60E73D-DDB1-4694-96AE-871C2D215866}.Debug|x86.ActiveCfg = Debug|Any CPU
		{6D60E73D-DDB1-4694-96AE-871C2D215866}.Debug|x86.Build.0 = Debug|Any CPU
		{6D60E73D-DDB1-4694-96AE-871C2D215866}.Release|Any CPU.ActiveCfg = Release|Any CPU
		{6D60E73D-DDB1-4694-96AE-871C2D215866}.Release|Any CPU.Build.0 = Release|Any CPU
		{6D60E73D-DDB1-4694-96AE-871C2D215866}.Release|x64.ActiveCfg = Release|Any CPU
		{6D60E73D-DDB1-4694-96AE-871C2D215866}.Release|x64.Build.0 = Release|Any CPU
		{6D60E73D-DDB1-4694-96AE-871C2D215866}.Release|x86.ActiveCfg = Release|Any CPU
		{6D60E73D-DDB1-4694-96AE-871C2D215866}.Release|x86.Build.0 = Release|Any CPU
		{984667EB-500D-403E-B228-05DF8576F733}.Debug|Any CPU.ActiveCfg = Debug|Any CPU
		{984667EB-500D-403E-B228-05DF8576F733}.Debug|Any CPU.Build.0 = Debug|Any CPU
		{984667EB-500D-403E-B228-05DF8576F733}.Debug|x64.ActiveCfg = Debug|Any CPU
		{984667EB-500D-403E-B228-05DF8576F733}.Debug|x64.Build.0 = Debug|Any CPU
		{984667EB-500D-403E-B228-05DF8576F733}.Debug|x86.ActiveCfg = Debug|Any CPU
		{984667EB-500D-403E-B228-05DF8576F733}.Debug|x86.Build.0 = Debug|Any CPU
		{984667EB-500D-403E-B228-05DF8576F733}.Release|Any CPU.ActiveCfg = Release|Any CPU
		{984667EB-500D-403E-B228-05DF8576F733}.Release|Any CPU.Build.0 = Release|Any CPU
		{984667EB-500D-403E-B228-05DF8576F733}.Release|x64.ActiveCfg = Release|Any CPU
		{984667EB-500D-403E-B228-05DF8576F733}.Release|x64.Build.0 = Release|Any CPU
		{984667EB-500D-403E-B228-05DF8576F733}.Release|x86.ActiveCfg = Release|Any CPU
		{984667EB-500D-403E-B228-05DF8576F733}.Release|x86.Build.0 = Release|Any CPU
		{9476A76C-DE9E-4495-ACE7-6E6C062EA3E8}.Debug|Any CPU.ActiveCfg = Debug|Any CPU
		{9476A76C-DE9E-4495-ACE7-6E6C062EA3E8}.Debug|Any CPU.Build.0 = Debug|Any CPU
		{9476A76C-DE9E-4495-ACE7-6E6C062EA3E8}.Debug|x64.ActiveCfg = Debug|Any CPU
		{9476A76C-DE9E-4495-ACE7-6E6C062EA3E8}.Debug|x64.Build.0 = Debug|Any CPU
		{9476A76C-DE9E-4495-ACE7-6E6C062EA3E8}.Debug|x86.ActiveCfg = Debug|Any CPU
		{9476A76C-DE9E-4495-ACE7-6E6C062EA3E8}.Debug|x86.Build.0 = Debug|Any CPU
		{9476A76C-DE9E-4495-ACE7-6E6C062EA3E8}.Release|Any CPU.ActiveCfg = Release|Any CPU
		{9476A76C-DE9E-4495-ACE7-6E6C062EA3E8}.Release|Any CPU.Build.0 = Release|Any CPU
		{9476A76C-DE9E-4495-ACE7-6E6C062EA3E8}.Release|x64.ActiveCfg = Release|Any CPU
		{9476A76C-DE9E-4495-ACE7-6E6C062EA3E8}.Release|x64.Build.0 = Release|Any CPU
		{9476A76C-DE9E-4495-ACE7-6E6C062EA3E8}.Release|x86.ActiveCfg = Release|Any CPU
		{9476A76C-DE9E-4495-ACE7-6E6C062EA3E8}.Release|x86.Build.0 = Release|Any CPU
		{84534E59-283B-41EA-9E5E-7598DB2F6E1F}.Debug|Any CPU.ActiveCfg = Debug|Any CPU
		{84534E59-283B-41EA-9E5E-7598DB2F6E1F}.Debug|Any CPU.Build.0 = Debug|Any CPU
		{84534E59-283B-41EA-9E5E-7598DB2F6E1F}.Debug|x64.ActiveCfg = Debug|Any CPU
		{84534E59-283B-41EA-9E5E-7598DB2F6E1F}.Debug|x64.Build.0 = Debug|Any CPU
		{84534E59-283B-41EA-9E5E-7598DB2F6E1F}.Debug|x86.ActiveCfg = Debug|Any CPU
		{84534E59-283B-41EA-9E5E-7598DB2F6E1F}.Debug|x86.Build.0 = Debug|Any CPU
		{84534E59-283B-41EA-9E5E-7598DB2F6E1F}.Release|Any CPU.ActiveCfg = Release|Any CPU
		{84534E59-283B-41EA-9E5E-7598DB2F6E1F}.Release|Any CPU.Build.0 = Release|Any CPU
		{84534E59-283B-41EA-9E5E-7598DB2F6E1F}.Release|x64.ActiveCfg = Release|Any CPU
		{84534E59-283B-41EA-9E5E-7598DB2F6E1F}.Release|x64.Build.0 = Release|Any CPU
		{84534E59-283B-41EA-9E5E-7598DB2F6E1F}.Release|x86.ActiveCfg = Release|Any CPU
		{84534E59-283B-41EA-9E5E-7598DB2F6E1F}.Release|x86.Build.0 = Release|Any CPU
	EndGlobalSection
	GlobalSection(SolutionProperties) = preSolution
		HideSolutionNode = FALSE
	EndGlobalSection
	GlobalSection(ExtensibilityGlobals) = postSolution
		SolutionGuid = {84EE6DE0-5075-4754-8B5A-A0273B08BC02}
	EndGlobalSection
EndGlobal
